// !$*UTF8*$!
{
	archiveVersion = 1;
	classes = {
	};
	objectVersion = 56;
	objects = {

/* Begin PBXBuildFile section */
		785148CBB0B1EA19535B0963 /* Pods_MuVi_Design_app.framework in Frameworks */ = {isa = PBXBuildFile; fileRef = EF9DF6ACB5ABB97CD7FDDF96 /* Pods_MuVi_Design_app.framework */; };
		9218A4392B22D4E800CA476F /* RegisterVC.swift in Sources */ = {isa = PBXBuildFile; fileRef = 9218A4372B22D4E800CA476F /* RegisterVC.swift */; };
		9218A43A2B22D4E800CA476F /* RegisterVC.xib in Resources */ = {isa = PBXBuildFile; fileRef = 9218A4382B22D4E800CA476F /* RegisterVC.xib */; };
		923215762B21AB5B00B54FDC /* PreferedExperienceVC.swift in Sources */ = {isa = PBXBuildFile; fileRef = 923215742B21AB5B00B54FDC /* PreferedExperienceVC.swift */; };
		923215772B21AB5B00B54FDC /* PreferedExperienceVC.xib in Resources */ = {isa = PBXBuildFile; fileRef = 923215752B21AB5B00B54FDC /* PreferedExperienceVC.xib */; };
		9232157A2B21B06400B54FDC /* PreferedExperienceCell.swift in Sources */ = {isa = PBXBuildFile; fileRef = 923215782B21B06400B54FDC /* PreferedExperienceCell.swift */; };
		9232157B2B21B06400B54FDC /* PreferedExperienceCell.xib in Resources */ = {isa = PBXBuildFile; fileRef = 923215792B21B06400B54FDC /* PreferedExperienceCell.xib */; };
		9232157D2B21BA8900B54FDC /* PreferedExperienceVC + CollectionView.swift in Sources */ = {isa = PBXBuildFile; fileRef = 9232157C2B21BA8900B54FDC /* PreferedExperienceVC + CollectionView.swift */; };
		9232157F2B21BAF600B54FDC /* PreferedExperienceViewModel.swift in Sources */ = {isa = PBXBuildFile; fileRef = 9232157E2B21BAF600B54FDC /* PreferedExperienceViewModel.swift */; };
		923E37622B29AFF500B789D5 /* FindCollectionCell.swift in Sources */ = {isa = PBXBuildFile; fileRef = 923E37602B29AFF500B789D5 /* FindCollectionCell.swift */; };
		923E37632B29AFF500B789D5 /* FindCollectionCell.xib in Resources */ = {isa = PBXBuildFile; fileRef = 923E37612B29AFF500B789D5 /* FindCollectionCell.xib */; };
		923E37652B29B29B00B789D5 /* Cinemas.swift in Sources */ = {isa = PBXBuildFile; fileRef = 923E37642B29B29A00B789D5 /* Cinemas.swift */; };
		9281A5F72B23453600BD13B5 /* OTPVerificationVC.swift in Sources */ = {isa = PBXBuildFile; fileRef = 9281A5F52B23453600BD13B5 /* OTPVerificationVC.swift */; };
		9281A5F82B23453600BD13B5 /* OTPVerificationVC.xib in Resources */ = {isa = PBXBuildFile; fileRef = 9281A5F62B23453600BD13B5 /* OTPVerificationVC.xib */; };
		928396812B2ACDBA00D04A4A /* Extension + TableView.swift in Sources */ = {isa = PBXBuildFile; fileRef = 928396802B2ACDBA00D04A4A /* Extension + TableView.swift */; };
		928396832B2ACDEB00D04A4A /* Extension + CollectionView.swift in Sources */ = {isa = PBXBuildFile; fileRef = 928396822B2ACDEB00D04A4A /* Extension + CollectionView.swift */; };
		928396872B2AD01800D04A4A /* LanguageCell.swift in Sources */ = {isa = PBXBuildFile; fileRef = 928396852B2AD01800D04A4A /* LanguageCell.swift */; };
		928396882B2AD01800D04A4A /* LanguageCell.xib in Resources */ = {isa = PBXBuildFile; fileRef = 928396862B2AD01800D04A4A /* LanguageCell.xib */; };
		9283968A2B2AD1DD00D04A4A /* FindModel.swift in Sources */ = {isa = PBXBuildFile; fileRef = 928396892B2AD1DD00D04A4A /* FindModel.swift */; };
		9283E2602B28463D005CA2CA /* HomeTabBarController.swift in Sources */ = {isa = PBXBuildFile; fileRef = 9283E25F2B28463D005CA2CA /* HomeTabBarController.swift */; };
		9283E2642B286139005CA2CA /* HomeTabBarViewModel.swift in Sources */ = {isa = PBXBuildFile; fileRef = 9283E2632B286139005CA2CA /* HomeTabBarViewModel.swift */; };
		9283E2682B28A0BF005CA2CA /* FindVC.swift in Sources */ = {isa = PBXBuildFile; fileRef = 9283E2662B28A0BF005CA2CA /* FindVC.swift */; };
		9283E2692B28A0BF005CA2CA /* FindVC.xib in Resources */ = {isa = PBXBuildFile; fileRef = 9283E2672B28A0BF005CA2CA /* FindVC.xib */; };
		9286F54F2B2987D9003585FD /* FindVC + TableView.swift in Sources */ = {isa = PBXBuildFile; fileRef = 9286F54E2B2987D9003585FD /* FindVC + TableView.swift */; };
		928AE1682B1D9EAB00B517F5 /* Barlow-BoldItalic.ttf in Resources */ = {isa = PBXBuildFile; fileRef = 928AE1562B1D9EA800B517F5 /* Barlow-BoldItalic.ttf */; };
		928AE1692B1D9EAB00B517F5 /* Barlow-Italic.ttf in Resources */ = {isa = PBXBuildFile; fileRef = 928AE1572B1D9EA800B517F5 /* Barlow-Italic.ttf */; };
		928AE16A2B1D9EAB00B517F5 /* Barlow-BlackItalic.ttf in Resources */ = {isa = PBXBuildFile; fileRef = 928AE1582B1D9EA800B517F5 /* Barlow-BlackItalic.ttf */; };
		928AE16B2B1D9EAB00B517F5 /* Barlow-SemiBoldItalic.ttf in Resources */ = {isa = PBXBuildFile; fileRef = 928AE1592B1D9EA800B517F5 /* Barlow-SemiBoldItalic.ttf */; };
		928AE16C2B1D9EAB00B517F5 /* Barlow-Black.ttf in Resources */ = {isa = PBXBuildFile; fileRef = 928AE15A2B1D9EA900B517F5 /* Barlow-Black.ttf */; };
		928AE16D2B1D9EAB00B517F5 /* Barlow-Light.ttf in Resources */ = {isa = PBXBuildFile; fileRef = 928AE15B2B1D9EA900B517F5 /* Barlow-Light.ttf */; };
		928AE16E2B1D9EAB00B517F5 /* Barlow-ThinItalic.ttf in Resources */ = {isa = PBXBuildFile; fileRef = 928AE15C2B1D9EA900B517F5 /* Barlow-ThinItalic.ttf */; };
		928AE16F2B1D9EAB00B517F5 /* Barlow-ExtraBoldItalic.ttf in Resources */ = {isa = PBXBuildFile; fileRef = 928AE15D2B1D9EA900B517F5 /* Barlow-ExtraBoldItalic.ttf */; };
		928AE1702B1D9EAB00B517F5 /* Barlow-MediumItalic.ttf in Resources */ = {isa = PBXBuildFile; fileRef = 928AE15E2B1D9EA900B517F5 /* Barlow-MediumItalic.ttf */; };
		928AE1712B1D9EAB00B517F5 /* Barlow-ExtraLightItalic.ttf in Resources */ = {isa = PBXBuildFile; fileRef = 928AE15F2B1D9EA900B517F5 /* Barlow-ExtraLightItalic.ttf */; };
		928AE1722B1D9EAB00B517F5 /* Barlow-Bold.ttf in Resources */ = {isa = PBXBuildFile; fileRef = 928AE1602B1D9EAA00B517F5 /* Barlow-Bold.ttf */; };
		928AE1732B1D9EAB00B517F5 /* Barlow-LightItalic.ttf in Resources */ = {isa = PBXBuildFile; fileRef = 928AE1612B1D9EAA00B517F5 /* Barlow-LightItalic.ttf */; };
		928AE1742B1D9EAB00B517F5 /* Barlow-Thin.ttf in Resources */ = {isa = PBXBuildFile; fileRef = 928AE1622B1D9EAA00B517F5 /* Barlow-Thin.ttf */; };
		928AE1752B1D9EAB00B517F5 /* Barlow-SemiBold.ttf in Resources */ = {isa = PBXBuildFile; fileRef = 928AE1632B1D9EAA00B517F5 /* Barlow-SemiBold.ttf */; };
		928AE1762B1D9EAB00B517F5 /* Barlow-ExtraBold.ttf in Resources */ = {isa = PBXBuildFile; fileRef = 928AE1642B1D9EAA00B517F5 /* Barlow-ExtraBold.ttf */; };
		928AE1772B1D9EAB00B517F5 /* Barlow-Medium.ttf in Resources */ = {isa = PBXBuildFile; fileRef = 928AE1652B1D9EAA00B517F5 /* Barlow-Medium.ttf */; };
		928AE1782B1D9EAB00B517F5 /* Barlow-Regular.ttf in Resources */ = {isa = PBXBuildFile; fileRef = 928AE1662B1D9EAA00B517F5 /* Barlow-Regular.ttf */; };
		928AE1792B1D9EAB00B517F5 /* Barlow-ExtraLight.ttf in Resources */ = {isa = PBXBuildFile; fileRef = 928AE1672B1D9EAB00B517F5 /* Barlow-ExtraLight.ttf */; };
		928AE1842B1DC5BD00B517F5 /* WalkThroughCell.swift in Sources */ = {isa = PBXBuildFile; fileRef = 928AE1822B1DC5BD00B517F5 /* WalkThroughCell.swift */; };
		928AE1852B1DC5BD00B517F5 /* WalkThroughCell.xib in Resources */ = {isa = PBXBuildFile; fileRef = 928AE1832B1DC5BD00B517F5 /* WalkThroughCell.xib */; };
		928AE1872B1DED9400B517F5 /* WalkThroughVC + CollectionView.swift in Sources */ = {isa = PBXBuildFile; fileRef = 928AE1862B1DED9400B517F5 /* WalkThroughVC + CollectionView.swift */; };
		928AE18A2B1DF5A600B517F5 /* PreferencesVC.swift in Sources */ = {isa = PBXBuildFile; fileRef = 928AE1882B1DF5A600B517F5 /* PreferencesVC.swift */; };
		928AE18B2B1DF5A600B517F5 /* PreferencesVC.xib in Resources */ = {isa = PBXBuildFile; fileRef = 928AE1892B1DF5A600B517F5 /* PreferencesVC.xib */; };
		928AE18E2B1DF98F00B517F5 /* PreferencesCell.swift in Sources */ = {isa = PBXBuildFile; fileRef = 928AE18C2B1DF98F00B517F5 /* PreferencesCell.swift */; };
		928AE18F2B1DF98F00B517F5 /* PreferencesCell.xib in Resources */ = {isa = PBXBuildFile; fileRef = 928AE18D2B1DF98F00B517F5 /* PreferencesCell.xib */; };
		928AE1912B1E00AC00B517F5 /* PreferencesVC + CollectionView.swift in Sources */ = {isa = PBXBuildFile; fileRef = 928AE1902B1E00AC00B517F5 /* PreferencesVC + CollectionView.swift */; };
		928BA4762B2041A000996AB8 /* BaseVC.swift in Sources */ = {isa = PBXBuildFile; fileRef = 928BA4752B2041A000996AB8 /* BaseVC.swift */; };
		928BA4782B204CD100996AB8 /* Genres.swift in Sources */ = {isa = PBXBuildFile; fileRef = 928BA4772B204CD100996AB8 /* Genres.swift */; };
		928BA47A2B204D0200996AB8 /* PreferencesViewModel.swift in Sources */ = {isa = PBXBuildFile; fileRef = 928BA4792B204D0200996AB8 /* PreferencesViewModel.swift */; };
		928BA47C2B20560700996AB8 /* Helpers.swift in Sources */ = {isa = PBXBuildFile; fileRef = 928BA47B2B20560700996AB8 /* Helpers.swift */; };
		928BA4802B205C5400996AB8 /* CitySelectionVC.swift in Sources */ = {isa = PBXBuildFile; fileRef = 928BA47E2B205C5400996AB8 /* CitySelectionVC.swift */; };
		928BA4812B205C5400996AB8 /* CitySelectionVC.xib in Resources */ = {isa = PBXBuildFile; fileRef = 928BA47F2B205C5400996AB8 /* CitySelectionVC.xib */; };
		928BA4832B20615800996AB8 /* CitySelectionVC + CollectionView.swift in Sources */ = {isa = PBXBuildFile; fileRef = 928BA4822B20615800996AB8 /* CitySelectionVC + CollectionView.swift */; };
		928BA4862B20692500996AB8 /* CitySelectionCell.swift in Sources */ = {isa = PBXBuildFile; fileRef = 928BA4842B20692500996AB8 /* CitySelectionCell.swift */; };
		928BA4872B20692500996AB8 /* CitySelectionCell.xib in Resources */ = {isa = PBXBuildFile; fileRef = 928BA4852B20692500996AB8 /* CitySelectionCell.xib */; };
		928BA4892B20717F00996AB8 /* CitySelectionViewModel.swift in Sources */ = {isa = PBXBuildFile; fileRef = 928BA4882B20717F00996AB8 /* CitySelectionViewModel.swift */; };
		9293BB3E2B199A5500A85E86 /* AppDelegate.swift in Sources */ = {isa = PBXBuildFile; fileRef = 9293BB3D2B199A5500A85E86 /* AppDelegate.swift */; };
		9293BB402B199A5500A85E86 /* SceneDelegate.swift in Sources */ = {isa = PBXBuildFile; fileRef = 9293BB3F2B199A5500A85E86 /* SceneDelegate.swift */; };
		9293BB472B199A5900A85E86 /* Assets.xcassets in Resources */ = {isa = PBXBuildFile; fileRef = 9293BB462B199A5900A85E86 /* Assets.xcassets */; };
		9293BB4A2B199A5900A85E86 /* LaunchScreen.storyboard in Resources */ = {isa = PBXBuildFile; fileRef = 9293BB482B199A5900A85E86 /* LaunchScreen.storyboard */; };
		9293BB542B19AA5100A85E86 /* LoginVC.swift in Sources */ = {isa = PBXBuildFile; fileRef = 9293BB522B19AA5100A85E86 /* LoginVC.swift */; };
		9293BB552B19AA5100A85E86 /* LoginVC.xib in Resources */ = {isa = PBXBuildFile; fileRef = 9293BB532B19AA5100A85E86 /* LoginVC.xib */; };
		9293BB5C2B19BBE900A85E86 /* Extensions.swift in Sources */ = {isa = PBXBuildFile; fileRef = 9293BB5B2B19BBE800A85E86 /* Extensions.swift */; };
		9293BB5E2B19C8DE00A85E86 /* Constants.swift in Sources */ = {isa = PBXBuildFile; fileRef = 9293BB5D2B19C8DE00A85E86 /* Constants.swift */; };
		9293BB652B19EC1800A85E86 /* WalkThroughVC.swift in Sources */ = {isa = PBXBuildFile; fileRef = 9293BB632B19EC1800A85E86 /* WalkThroughVC.swift */; };
		9293BB662B19EC1800A85E86 /* WalkThroughVC.xib in Resources */ = {isa = PBXBuildFile; fileRef = 9293BB642B19EC1800A85E86 /* WalkThroughVC.xib */; };
		92A0FBE72B2C50E400BC94B4 /* PopularSearchCell.swift in Sources */ = {isa = PBXBuildFile; fileRef = 92A0FBE52B2C50E400BC94B4 /* PopularSearchCell.swift */; };
		92A0FBE82B2C50E400BC94B4 /* PopularSearchCell.xib in Resources */ = {isa = PBXBuildFile; fileRef = 92A0FBE62B2C50E400BC94B4 /* PopularSearchCell.xib */; };
		92EF6CA22B29DCB90073A071 /* FindCollectionCell + CollectionView.swift in Sources */ = {isa = PBXBuildFile; fileRef = 92EF6CA12B29DCB90073A071 /* FindCollectionCell + CollectionView.swift */; };
/* End PBXBuildFile section */

/* Begin PBXFileReference section */
		9218A4372B22D4E800CA476F /* RegisterVC.swift */ = {isa = PBXFileReference; lastKnownFileType = sourcecode.swift; path = RegisterVC.swift; sourceTree = "<group>"; };
		9218A4382B22D4E800CA476F /* RegisterVC.xib */ = {isa = PBXFileReference; lastKnownFileType = file.xib; path = RegisterVC.xib; sourceTree = "<group>"; };
		923215742B21AB5B00B54FDC /* PreferedExperienceVC.swift */ = {isa = PBXFileReference; lastKnownFileType = sourcecode.swift; path = PreferedExperienceVC.swift; sourceTree = "<group>"; };
		923215752B21AB5B00B54FDC /* PreferedExperienceVC.xib */ = {isa = PBXFileReference; lastKnownFileType = file.xib; path = PreferedExperienceVC.xib; sourceTree = "<group>"; };
		923215782B21B06400B54FDC /* PreferedExperienceCell.swift */ = {isa = PBXFileReference; lastKnownFileType = sourcecode.swift; path = PreferedExperienceCell.swift; sourceTree = "<group>"; };
		923215792B21B06400B54FDC /* PreferedExperienceCell.xib */ = {isa = PBXFileReference; lastKnownFileType = file.xib; path = PreferedExperienceCell.xib; sourceTree = "<group>"; };
		9232157C2B21BA8900B54FDC /* PreferedExperienceVC + CollectionView.swift */ = {isa = PBXFileReference; lastKnownFileType = sourcecode.swift; path = "PreferedExperienceVC + CollectionView.swift"; sourceTree = "<group>"; };
		9232157E2B21BAF600B54FDC /* PreferedExperienceViewModel.swift */ = {isa = PBXFileReference; lastKnownFileType = sourcecode.swift; path = PreferedExperienceViewModel.swift; sourceTree = "<group>"; };
		923E37602B29AFF500B789D5 /* FindCollectionCell.swift */ = {isa = PBXFileReference; lastKnownFileType = sourcecode.swift; path = FindCollectionCell.swift; sourceTree = "<group>"; };
		923E37612B29AFF500B789D5 /* FindCollectionCell.xib */ = {isa = PBXFileReference; lastKnownFileType = file.xib; path = FindCollectionCell.xib; sourceTree = "<group>"; };
		923E37642B29B29A00B789D5 /* Cinemas.swift */ = {isa = PBXFileReference; lastKnownFileType = sourcecode.swift; path = Cinemas.swift; sourceTree = "<group>"; };
		9281A5F52B23453600BD13B5 /* OTPVerificationVC.swift */ = {isa = PBXFileReference; lastKnownFileType = sourcecode.swift; path = OTPVerificationVC.swift; sourceTree = "<group>"; };
		9281A5F62B23453600BD13B5 /* OTPVerificationVC.xib */ = {isa = PBXFileReference; lastKnownFileType = file.xib; path = OTPVerificationVC.xib; sourceTree = "<group>"; };
		928396802B2ACDBA00D04A4A /* Extension + TableView.swift */ = {isa = PBXFileReference; lastKnownFileType = sourcecode.swift; path = "Extension + TableView.swift"; sourceTree = "<group>"; };
		928396822B2ACDEB00D04A4A /* Extension + CollectionView.swift */ = {isa = PBXFileReference; lastKnownFileType = sourcecode.swift; path = "Extension + CollectionView.swift"; sourceTree = "<group>"; };
		928396852B2AD01800D04A4A /* LanguageCell.swift */ = {isa = PBXFileReference; lastKnownFileType = sourcecode.swift; path = LanguageCell.swift; sourceTree = "<group>"; };
		928396862B2AD01800D04A4A /* LanguageCell.xib */ = {isa = PBXFileReference; lastKnownFileType = file.xib; path = LanguageCell.xib; sourceTree = "<group>"; };
		928396892B2AD1DD00D04A4A /* FindModel.swift */ = {isa = PBXFileReference; lastKnownFileType = sourcecode.swift; path = FindModel.swift; sourceTree = "<group>"; };
		9283E25F2B28463D005CA2CA /* HomeTabBarController.swift */ = {isa = PBXFileReference; lastKnownFileType = sourcecode.swift; path = HomeTabBarController.swift; sourceTree = "<group>"; };
		9283E2632B286139005CA2CA /* HomeTabBarViewModel.swift */ = {isa = PBXFileReference; lastKnownFileType = sourcecode.swift; path = HomeTabBarViewModel.swift; sourceTree = "<group>"; };
		9283E2662B28A0BF005CA2CA /* FindVC.swift */ = {isa = PBXFileReference; lastKnownFileType = sourcecode.swift; path = FindVC.swift; sourceTree = "<group>"; };
		9283E2672B28A0BF005CA2CA /* FindVC.xib */ = {isa = PBXFileReference; lastKnownFileType = file.xib; path = FindVC.xib; sourceTree = "<group>"; };
		9286F54E2B2987D9003585FD /* FindVC + TableView.swift */ = {isa = PBXFileReference; lastKnownFileType = sourcecode.swift; path = "FindVC + TableView.swift"; sourceTree = "<group>"; };
		928AE1562B1D9EA800B517F5 /* Barlow-BoldItalic.ttf */ = {isa = PBXFileReference; lastKnownFileType = file; path = "Barlow-BoldItalic.ttf"; sourceTree = "<group>"; };
		928AE1572B1D9EA800B517F5 /* Barlow-Italic.ttf */ = {isa = PBXFileReference; lastKnownFileType = file; path = "Barlow-Italic.ttf"; sourceTree = "<group>"; };
		928AE1582B1D9EA800B517F5 /* Barlow-BlackItalic.ttf */ = {isa = PBXFileReference; lastKnownFileType = file; path = "Barlow-BlackItalic.ttf"; sourceTree = "<group>"; };
		928AE1592B1D9EA800B517F5 /* Barlow-SemiBoldItalic.ttf */ = {isa = PBXFileReference; lastKnownFileType = file; path = "Barlow-SemiBoldItalic.ttf"; sourceTree = "<group>"; };
		928AE15A2B1D9EA900B517F5 /* Barlow-Black.ttf */ = {isa = PBXFileReference; lastKnownFileType = file; path = "Barlow-Black.ttf"; sourceTree = "<group>"; };
		928AE15B2B1D9EA900B517F5 /* Barlow-Light.ttf */ = {isa = PBXFileReference; lastKnownFileType = file; path = "Barlow-Light.ttf"; sourceTree = "<group>"; };
		928AE15C2B1D9EA900B517F5 /* Barlow-ThinItalic.ttf */ = {isa = PBXFileReference; lastKnownFileType = file; path = "Barlow-ThinItalic.ttf"; sourceTree = "<group>"; };
		928AE15D2B1D9EA900B517F5 /* Barlow-ExtraBoldItalic.ttf */ = {isa = PBXFileReference; lastKnownFileType = file; path = "Barlow-ExtraBoldItalic.ttf"; sourceTree = "<group>"; };
		928AE15E2B1D9EA900B517F5 /* Barlow-MediumItalic.ttf */ = {isa = PBXFileReference; lastKnownFileType = file; path = "Barlow-MediumItalic.ttf"; sourceTree = "<group>"; };
		928AE15F2B1D9EA900B517F5 /* Barlow-ExtraLightItalic.ttf */ = {isa = PBXFileReference; lastKnownFileType = file; path = "Barlow-ExtraLightItalic.ttf"; sourceTree = "<group>"; };
		928AE1602B1D9EAA00B517F5 /* Barlow-Bold.ttf */ = {isa = PBXFileReference; lastKnownFileType = file; path = "Barlow-Bold.ttf"; sourceTree = "<group>"; };
		928AE1612B1D9EAA00B517F5 /* Barlow-LightItalic.ttf */ = {isa = PBXFileReference; lastKnownFileType = file; path = "Barlow-LightItalic.ttf"; sourceTree = "<group>"; };
		928AE1622B1D9EAA00B517F5 /* Barlow-Thin.ttf */ = {isa = PBXFileReference; lastKnownFileType = file; path = "Barlow-Thin.ttf"; sourceTree = "<group>"; };
		928AE1632B1D9EAA00B517F5 /* Barlow-SemiBold.ttf */ = {isa = PBXFileReference; lastKnownFileType = file; path = "Barlow-SemiBold.ttf"; sourceTree = "<group>"; };
		928AE1642B1D9EAA00B517F5 /* Barlow-ExtraBold.ttf */ = {isa = PBXFileReference; lastKnownFileType = file; path = "Barlow-ExtraBold.ttf"; sourceTree = "<group>"; };
		928AE1652B1D9EAA00B517F5 /* Barlow-Medium.ttf */ = {isa = PBXFileReference; lastKnownFileType = file; path = "Barlow-Medium.ttf"; sourceTree = "<group>"; };
		928AE1662B1D9EAA00B517F5 /* Barlow-Regular.ttf */ = {isa = PBXFileReference; lastKnownFileType = file; path = "Barlow-Regular.ttf"; sourceTree = "<group>"; };
		928AE1672B1D9EAB00B517F5 /* Barlow-ExtraLight.ttf */ = {isa = PBXFileReference; lastKnownFileType = file; path = "Barlow-ExtraLight.ttf"; sourceTree = "<group>"; };
		928AE1822B1DC5BD00B517F5 /* WalkThroughCell.swift */ = {isa = PBXFileReference; lastKnownFileType = sourcecode.swift; path = WalkThroughCell.swift; sourceTree = "<group>"; };
		928AE1832B1DC5BD00B517F5 /* WalkThroughCell.xib */ = {isa = PBXFileReference; lastKnownFileType = file.xib; path = WalkThroughCell.xib; sourceTree = "<group>"; };
		928AE1862B1DED9400B517F5 /* WalkThroughVC + CollectionView.swift */ = {isa = PBXFileReference; lastKnownFileType = sourcecode.swift; path = "WalkThroughVC + CollectionView.swift"; sourceTree = "<group>"; };
		928AE1882B1DF5A600B517F5 /* PreferencesVC.swift */ = {isa = PBXFileReference; lastKnownFileType = sourcecode.swift; path = PreferencesVC.swift; sourceTree = "<group>"; };
		928AE1892B1DF5A600B517F5 /* PreferencesVC.xib */ = {isa = PBXFileReference; lastKnownFileType = file.xib; path = PreferencesVC.xib; sourceTree = "<group>"; };
		928AE18C2B1DF98F00B517F5 /* PreferencesCell.swift */ = {isa = PBXFileReference; lastKnownFileType = sourcecode.swift; path = PreferencesCell.swift; sourceTree = "<group>"; };
		928AE18D2B1DF98F00B517F5 /* PreferencesCell.xib */ = {isa = PBXFileReference; lastKnownFileType = file.xib; path = PreferencesCell.xib; sourceTree = "<group>"; };
		928AE1902B1E00AC00B517F5 /* PreferencesVC + CollectionView.swift */ = {isa = PBXFileReference; lastKnownFileType = sourcecode.swift; path = "PreferencesVC + CollectionView.swift"; sourceTree = "<group>"; };
		928BA4752B2041A000996AB8 /* BaseVC.swift */ = {isa = PBXFileReference; lastKnownFileType = sourcecode.swift; path = BaseVC.swift; sourceTree = "<group>"; };
		928BA4772B204CD100996AB8 /* Genres.swift */ = {isa = PBXFileReference; lastKnownFileType = sourcecode.swift; path = Genres.swift; sourceTree = "<group>"; };
		928BA4792B204D0200996AB8 /* PreferencesViewModel.swift */ = {isa = PBXFileReference; lastKnownFileType = sourcecode.swift; path = PreferencesViewModel.swift; sourceTree = "<group>"; };
		928BA47B2B20560700996AB8 /* Helpers.swift */ = {isa = PBXFileReference; lastKnownFileType = sourcecode.swift; path = Helpers.swift; sourceTree = "<group>"; };
		928BA47E2B205C5400996AB8 /* CitySelectionVC.swift */ = {isa = PBXFileReference; lastKnownFileType = sourcecode.swift; path = CitySelectionVC.swift; sourceTree = "<group>"; };
		928BA47F2B205C5400996AB8 /* CitySelectionVC.xib */ = {isa = PBXFileReference; lastKnownFileType = file.xib; path = CitySelectionVC.xib; sourceTree = "<group>"; };
		928BA4822B20615800996AB8 /* CitySelectionVC + CollectionView.swift */ = {isa = PBXFileReference; lastKnownFileType = sourcecode.swift; path = "CitySelectionVC + CollectionView.swift"; sourceTree = "<group>"; };
		928BA4842B20692500996AB8 /* CitySelectionCell.swift */ = {isa = PBXFileReference; lastKnownFileType = sourcecode.swift; path = CitySelectionCell.swift; sourceTree = "<group>"; };
		928BA4852B20692500996AB8 /* CitySelectionCell.xib */ = {isa = PBXFileReference; lastKnownFileType = file.xib; path = CitySelectionCell.xib; sourceTree = "<group>"; };
		928BA4882B20717F00996AB8 /* CitySelectionViewModel.swift */ = {isa = PBXFileReference; lastKnownFileType = sourcecode.swift; path = CitySelectionViewModel.swift; sourceTree = "<group>"; };
		9293BB3A2B199A5500A85E86 /* MuVi Design app.app */ = {isa = PBXFileReference; explicitFileType = wrapper.application; includeInIndex = 0; path = "MuVi Design app.app"; sourceTree = BUILT_PRODUCTS_DIR; };
		9293BB3D2B199A5500A85E86 /* AppDelegate.swift */ = {isa = PBXFileReference; lastKnownFileType = sourcecode.swift; path = AppDelegate.swift; sourceTree = "<group>"; };
		9293BB3F2B199A5500A85E86 /* SceneDelegate.swift */ = {isa = PBXFileReference; lastKnownFileType = sourcecode.swift; path = SceneDelegate.swift; sourceTree = "<group>"; };
		9293BB462B199A5900A85E86 /* Assets.xcassets */ = {isa = PBXFileReference; lastKnownFileType = folder.assetcatalog; path = Assets.xcassets; sourceTree = "<group>"; };
		9293BB492B199A5900A85E86 /* Base */ = {isa = PBXFileReference; lastKnownFileType = file.storyboard; name = Base; path = Base.lproj/LaunchScreen.storyboard; sourceTree = "<group>"; };
		9293BB4B2B199A5900A85E86 /* Info.plist */ = {isa = PBXFileReference; lastKnownFileType = text.plist.xml; path = Info.plist; sourceTree = "<group>"; };
		9293BB522B19AA5100A85E86 /* LoginVC.swift */ = {isa = PBXFileReference; lastKnownFileType = sourcecode.swift; path = LoginVC.swift; sourceTree = "<group>"; };
		9293BB532B19AA5100A85E86 /* LoginVC.xib */ = {isa = PBXFileReference; lastKnownFileType = file.xib; path = LoginVC.xib; sourceTree = "<group>"; };
		9293BB5B2B19BBE800A85E86 /* Extensions.swift */ = {isa = PBXFileReference; lastKnownFileType = sourcecode.swift; path = Extensions.swift; sourceTree = "<group>"; };
		9293BB5D2B19C8DE00A85E86 /* Constants.swift */ = {isa = PBXFileReference; lastKnownFileType = sourcecode.swift; path = Constants.swift; sourceTree = "<group>"; };
		9293BB632B19EC1800A85E86 /* WalkThroughVC.swift */ = {isa = PBXFileReference; lastKnownFileType = sourcecode.swift; path = WalkThroughVC.swift; sourceTree = "<group>"; };
		9293BB642B19EC1800A85E86 /* WalkThroughVC.xib */ = {isa = PBXFileReference; lastKnownFileType = file.xib; path = WalkThroughVC.xib; sourceTree = "<group>"; };
		92A0FBE52B2C50E400BC94B4 /* PopularSearchCell.swift */ = {isa = PBXFileReference; lastKnownFileType = sourcecode.swift; path = PopularSearchCell.swift; sourceTree = "<group>"; };
		92A0FBE62B2C50E400BC94B4 /* PopularSearchCell.xib */ = {isa = PBXFileReference; lastKnownFileType = file.xib; path = PopularSearchCell.xib; sourceTree = "<group>"; };
		92EF6CA12B29DCB90073A071 /* FindCollectionCell + CollectionView.swift */ = {isa = PBXFileReference; lastKnownFileType = sourcecode.swift; path = "FindCollectionCell + CollectionView.swift"; sourceTree = "<group>"; };
		9B2BADC336503F9A2A2F849F /* Pods-MuVi Design app.release.xcconfig */ = {isa = PBXFileReference; includeInIndex = 1; lastKnownFileType = text.xcconfig; name = "Pods-MuVi Design app.release.xcconfig"; path = "Target Support Files/Pods-MuVi Design app/Pods-MuVi Design app.release.xcconfig"; sourceTree = "<group>"; };
		B968DE390BB6BCD4059D0BB8 /* Pods-MuVi Design app.debug.xcconfig */ = {isa = PBXFileReference; includeInIndex = 1; lastKnownFileType = text.xcconfig; name = "Pods-MuVi Design app.debug.xcconfig"; path = "Target Support Files/Pods-MuVi Design app/Pods-MuVi Design app.debug.xcconfig"; sourceTree = "<group>"; };
		EF9DF6ACB5ABB97CD7FDDF96 /* Pods_MuVi_Design_app.framework */ = {isa = PBXFileReference; explicitFileType = wrapper.framework; includeInIndex = 0; path = Pods_MuVi_Design_app.framework; sourceTree = BUILT_PRODUCTS_DIR; };
/* End PBXFileReference section */

/* Begin PBXFrameworksBuildPhase section */
		9293BB372B199A5500A85E86 /* Frameworks */ = {
			isa = PBXFrameworksBuildPhase;
			buildActionMask = 2147483647;
			files = (
				785148CBB0B1EA19535B0963 /* Pods_MuVi_Design_app.framework in Frameworks */,
			);
			runOnlyForDeploymentPostprocessing = 0;
		};
/* End PBXFrameworksBuildPhase section */

/* Begin PBXGroup section */
		5D44DA493085173705ABDFE3 /* Pods */ = {
			isa = PBXGroup;
			children = (
				B968DE390BB6BCD4059D0BB8 /* Pods-MuVi Design app.debug.xcconfig */,
				9B2BADC336503F9A2A2F849F /* Pods-MuVi Design app.release.xcconfig */,
			);
			path = Pods;
			sourceTree = "<group>";
		};
		8318CFEB866069E1C859AB5E /* Frameworks */ = {
			isa = PBXGroup;
			children = (
				EF9DF6ACB5ABB97CD7FDDF96 /* Pods_MuVi_Design_app.framework */,
			);
			name = Frameworks;
			sourceTree = "<group>";
		};
		9218A4352B22D42D00CA476F /* Login */ = {
			isa = PBXGroup;
			children = (
				92A0FBD92B2C1C1B00BC94B4 /* ViewModel */,
				92A0FBD72B2C1BF600BC94B4 /* View */,
			);
			path = Login;
			sourceTree = "<group>";
		};
		9218A4362B22D46200CA476F /* Register */ = {
			isa = PBXGroup;
			children = (
				92A0FBD82B2C1C1400BC94B4 /* ViewModel */,
				92A0FBD62B2C1BEB00BC94B4 /* View */,
			);
			path = Register;
			sourceTree = "<group>";
		};
		923215732B21AAD500B54FDC /* PreferedExperience */ = {
			isa = PBXGroup;
			children = (
				92A0FBE12B2C200D00BC94B4 /* Model */,
				92A0FBCD2B2C18D700BC94B4 /* ViewModel */,
				92A0FBD12B2C191E00BC94B4 /* Cells */,
				92A0FBCC2B2C18C900BC94B4 /* View */,
			);
			path = PreferedExperience;
			sourceTree = "<group>";
		};
		923E375B2B29AEDA00B789D5 /* WalkThroughCell */ = {
			isa = PBXGroup;
			children = (
				928AE1822B1DC5BD00B517F5 /* WalkThroughCell.swift */,
				928AE1832B1DC5BD00B517F5 /* WalkThroughCell.xib */,
			);
			path = WalkThroughCell;
			sourceTree = "<group>";
		};
		923E375C2B29AEF000B789D5 /* PreferencesCell */ = {
			isa = PBXGroup;
			children = (
				928AE18C2B1DF98F00B517F5 /* PreferencesCell.swift */,
				928AE18D2B1DF98F00B517F5 /* PreferencesCell.xib */,
			);
			path = PreferencesCell;
			sourceTree = "<group>";
		};
		923E375D2B29AF0600B789D5 /* PreferedExperienceCell */ = {
			isa = PBXGroup;
			children = (
				923215782B21B06400B54FDC /* PreferedExperienceCell.swift */,
				923215792B21B06400B54FDC /* PreferedExperienceCell.xib */,
			);
			path = PreferedExperienceCell;
			sourceTree = "<group>";
		};
		923E375E2B29AF1F00B789D5 /* CitySelectionCell */ = {
			isa = PBXGroup;
			children = (
				928BA4842B20692500996AB8 /* CitySelectionCell.swift */,
				928BA4852B20692500996AB8 /* CitySelectionCell.xib */,
			);
			path = CitySelectionCell;
			sourceTree = "<group>";
		};
		923E375F2B29AFC500B789D5 /* FindCollectionCell */ = {
			isa = PBXGroup;
			children = (
				923E37602B29AFF500B789D5 /* FindCollectionCell.swift */,
				923E37612B29AFF500B789D5 /* FindCollectionCell.xib */,
				92EF6CA12B29DCB90073A071 /* FindCollectionCell + CollectionView.swift */,
			);
			path = FindCollectionCell;
			sourceTree = "<group>";
		};
		9281A5F42B2344F800BD13B5 /* OTP Verification */ = {
			isa = PBXGroup;
			children = (
				92A0FBD52B2C1BE200BC94B4 /* View */,
				9293BB682B19EEA500A85E86 /* ViewModel */,
			);
			path = "OTP Verification";
			sourceTree = "<group>";
		};
		928396842B2ACFF000D04A4A /* LanguageCell */ = {
			isa = PBXGroup;
			children = (
				928396852B2AD01800D04A4A /* LanguageCell.swift */,
				928396862B2AD01800D04A4A /* LanguageCell.xib */,
			);
			path = LanguageCell;
			sourceTree = "<group>";
		};
		9283E25D2B28430A005CA2CA /* Home */ = {
			isa = PBXGroup;
			children = (
				9283E2652B28A095005CA2CA /* FindVC */,
				9283E25E2B2843C5005CA2CA /* HomeTabBarController */,
			);
			path = Home;
			sourceTree = "<group>";
		};
		9283E25E2B2843C5005CA2CA /* HomeTabBarController */ = {
			isa = PBXGroup;
			children = (
				9283E2622B286119005CA2CA /* ViewModel */,
				92A0FBD32B2C19CB00BC94B4 /* View */,
			);
			path = HomeTabBarController;
			sourceTree = "<group>";
		};
		9283E2622B286119005CA2CA /* ViewModel */ = {
			isa = PBXGroup;
			children = (
				9283E2632B286139005CA2CA /* HomeTabBarViewModel.swift */,
			);
			path = ViewModel;
			sourceTree = "<group>";
		};
		9283E2652B28A095005CA2CA /* FindVC */ = {
			isa = PBXGroup;
			children = (
				92A0FBE32B2C204800BC94B4 /* Model */,
				92A0FBD42B2C19EA00BC94B4 /* ViewModel */,
				9286F5492B297A6C003585FD /* Cells */,
				92A0FBD22B2C19B300BC94B4 /* View */,
			);
			path = FindVC;
			sourceTree = "<group>";
		};
		9286F5492B297A6C003585FD /* Cells */ = {
			isa = PBXGroup;
			children = (
				92A0FBE42B2C509600BC94B4 /* PopularSearchCell */,
				928396842B2ACFF000D04A4A /* LanguageCell */,
				923E375F2B29AFC500B789D5 /* FindCollectionCell */,
			);
			path = Cells;
			sourceTree = "<group>";
		};
		928AE1552B1D9E8600B517F5 /* Fonts */ = {
			isa = PBXGroup;
			children = (
				928AE15A2B1D9EA900B517F5 /* Barlow-Black.ttf */,
				928AE1582B1D9EA800B517F5 /* Barlow-BlackItalic.ttf */,
				928AE1602B1D9EAA00B517F5 /* Barlow-Bold.ttf */,
				928AE1562B1D9EA800B517F5 /* Barlow-BoldItalic.ttf */,
				928AE1642B1D9EAA00B517F5 /* Barlow-ExtraBold.ttf */,
				928AE15D2B1D9EA900B517F5 /* Barlow-ExtraBoldItalic.ttf */,
				928AE1672B1D9EAB00B517F5 /* Barlow-ExtraLight.ttf */,
				928AE15F2B1D9EA900B517F5 /* Barlow-ExtraLightItalic.ttf */,
				928AE1572B1D9EA800B517F5 /* Barlow-Italic.ttf */,
				928AE15B2B1D9EA900B517F5 /* Barlow-Light.ttf */,
				928AE1612B1D9EAA00B517F5 /* Barlow-LightItalic.ttf */,
				928AE1652B1D9EAA00B517F5 /* Barlow-Medium.ttf */,
				928AE15E2B1D9EA900B517F5 /* Barlow-MediumItalic.ttf */,
				928AE1662B1D9EAA00B517F5 /* Barlow-Regular.ttf */,
				928AE1632B1D9EAA00B517F5 /* Barlow-SemiBold.ttf */,
				928AE1592B1D9EA800B517F5 /* Barlow-SemiBoldItalic.ttf */,
				928AE1622B1D9EAA00B517F5 /* Barlow-Thin.ttf */,
				928AE15C2B1D9EA900B517F5 /* Barlow-ThinItalic.ttf */,
			);
			path = Fonts;
			sourceTree = "<group>";
		};
		928AE17E2B1DC4EC00B517F5 /* PreferedGenre */ = {
			isa = PBXGroup;
			children = (
				92A0FBE22B2C202D00BC94B4 /* Model */,
				92A0FBC92B2C187C00BC94B4 /* ViewModel */,
				92A0FBCF2B2C190700BC94B4 /* Cells */,
				92A0FBC82B2C186E00BC94B4 /* View */,
			);
			path = PreferedGenre;
			sourceTree = "<group>";
		};
		928BA47D2B205C1C00996AB8 /* CitySelection */ = {
			isa = PBXGroup;
			children = (
				92A0FBCB2B2C18A600BC94B4 /* ViewModel */,
				92A0FBD02B2C191000BC94B4 /* Cells */,
				92A0FBCA2B2C189200BC94B4 /* View */,
			);
			path = CitySelection;
			sourceTree = "<group>";
		};
		9293BB312B199A5500A85E86 = {
			isa = PBXGroup;
			children = (
				9293BB3C2B199A5500A85E86 /* MuVi Design app */,
				9293BB3B2B199A5500A85E86 /* Products */,
				5D44DA493085173705ABDFE3 /* Pods */,
				8318CFEB866069E1C859AB5E /* Frameworks */,
			);
			sourceTree = "<group>";
		};
		9293BB3B2B199A5500A85E86 /* Products */ = {
			isa = PBXGroup;
			children = (
				9293BB3A2B199A5500A85E86 /* MuVi Design app.app */,
			);
			name = Products;
			sourceTree = "<group>";
		};
		9293BB3C2B199A5500A85E86 /* MuVi Design app */ = {
			isa = PBXGroup;
			children = (
				9293BB512B199C7600A85E86 /* Application */,
				92A0FBDF2B2C1F9B00BC94B4 /* Pages */,
				9293BB5A2B19BBC500A85E86 /* Utilities */,
				9293BB592B19B43400A85E86 /* Resources */,
				9293BB482B199A5900A85E86 /* LaunchScreen.storyboard */,
				9293BB4B2B199A5900A85E86 /* Info.plist */,
			);
			path = "MuVi Design app";
			sourceTree = "<group>";
		};
		9293BB512B199C7600A85E86 /* Application */ = {
			isa = PBXGroup;
			children = (
				9293BB3D2B199A5500A85E86 /* AppDelegate.swift */,
				9293BB3F2B199A5500A85E86 /* SceneDelegate.swift */,
			);
			path = Application;
			sourceTree = "<group>";
		};
		9293BB592B19B43400A85E86 /* Resources */ = {
			isa = PBXGroup;
			children = (
				928AE1552B1D9E8600B517F5 /* Fonts */,
				9293BB462B199A5900A85E86 /* Assets.xcassets */,
			);
			path = Resources;
			sourceTree = "<group>";
		};
		9293BB5A2B19BBC500A85E86 /* Utilities */ = {
			isa = PBXGroup;
			children = (
				9293BB5B2B19BBE800A85E86 /* Extensions.swift */,
				9293BB5D2B19C8DE00A85E86 /* Constants.swift */,
				928BA4752B2041A000996AB8 /* BaseVC.swift */,
				928BA47B2B20560700996AB8 /* Helpers.swift */,
				928396802B2ACDBA00D04A4A /* Extension + TableView.swift */,
				928396822B2ACDEB00D04A4A /* Extension + CollectionView.swift */,
			);
			path = Utilities;
			sourceTree = "<group>";
		};
		9293BB682B19EEA500A85E86 /* ViewModel */ = {
			isa = PBXGroup;
			children = (
			);
			path = ViewModel;
			sourceTree = "<group>";
		};
		9293BB752B19FC7400A85E86 /* WalkThrough */ = {
			isa = PBXGroup;
			children = (
				92A0FBC72B2C185C00BC94B4 /* ViewModel */,
				92A0FBCE2B2C18F000BC94B4 /* Cells */,
				92A0FBC62B2C184500BC94B4 /* View */,
			);
			path = WalkThrough;
			sourceTree = "<group>";
		};
		92A0FBC62B2C184500BC94B4 /* View */ = {
			isa = PBXGroup;
			children = (
				9293BB632B19EC1800A85E86 /* WalkThroughVC.swift */,
				9293BB642B19EC1800A85E86 /* WalkThroughVC.xib */,
				928AE1862B1DED9400B517F5 /* WalkThroughVC + CollectionView.swift */,
			);
			path = View;
			sourceTree = "<group>";
		};
		92A0FBC72B2C185C00BC94B4 /* ViewModel */ = {
			isa = PBXGroup;
			children = (
			);
			path = ViewModel;
			sourceTree = "<group>";
		};
		92A0FBC82B2C186E00BC94B4 /* View */ = {
			isa = PBXGroup;
			children = (
				928AE1882B1DF5A600B517F5 /* PreferencesVC.swift */,
				928AE1892B1DF5A600B517F5 /* PreferencesVC.xib */,
				928AE1902B1E00AC00B517F5 /* PreferencesVC + CollectionView.swift */,
			);
			path = View;
			sourceTree = "<group>";
		};
		92A0FBC92B2C187C00BC94B4 /* ViewModel */ = {
			isa = PBXGroup;
			children = (
				928BA4792B204D0200996AB8 /* PreferencesViewModel.swift */,
			);
			path = ViewModel;
			sourceTree = "<group>";
		};
		92A0FBCA2B2C189200BC94B4 /* View */ = {
			isa = PBXGroup;
			children = (
				928BA47E2B205C5400996AB8 /* CitySelectionVC.swift */,
				928BA47F2B205C5400996AB8 /* CitySelectionVC.xib */,
				928BA4822B20615800996AB8 /* CitySelectionVC + CollectionView.swift */,
			);
			path = View;
			sourceTree = "<group>";
		};
		92A0FBCB2B2C18A600BC94B4 /* ViewModel */ = {
			isa = PBXGroup;
			children = (
				928BA4882B20717F00996AB8 /* CitySelectionViewModel.swift */,
			);
			path = ViewModel;
			sourceTree = "<group>";
		};
		92A0FBCC2B2C18C900BC94B4 /* View */ = {
			isa = PBXGroup;
			children = (
				923215742B21AB5B00B54FDC /* PreferedExperienceVC.swift */,
				923215752B21AB5B00B54FDC /* PreferedExperienceVC.xib */,
				9232157C2B21BA8900B54FDC /* PreferedExperienceVC + CollectionView.swift */,
			);
			path = View;
			sourceTree = "<group>";
		};
		92A0FBCD2B2C18D700BC94B4 /* ViewModel */ = {
			isa = PBXGroup;
			children = (
				9232157E2B21BAF600B54FDC /* PreferedExperienceViewModel.swift */,
			);
			path = ViewModel;
			sourceTree = "<group>";
		};
		92A0FBCE2B2C18F000BC94B4 /* Cells */ = {
			isa = PBXGroup;
			children = (
				923E375B2B29AEDA00B789D5 /* WalkThroughCell */,
			);
			path = Cells;
			sourceTree = "<group>";
		};
		92A0FBCF2B2C190700BC94B4 /* Cells */ = {
			isa = PBXGroup;
			children = (
				923E375C2B29AEF000B789D5 /* PreferencesCell */,
			);
			path = Cells;
			sourceTree = "<group>";
		};
		92A0FBD02B2C191000BC94B4 /* Cells */ = {
			isa = PBXGroup;
			children = (
				923E375E2B29AF1F00B789D5 /* CitySelectionCell */,
			);
			path = Cells;
			sourceTree = "<group>";
		};
		92A0FBD12B2C191E00BC94B4 /* Cells */ = {
			isa = PBXGroup;
			children = (
				923E375D2B29AF0600B789D5 /* PreferedExperienceCell */,
			);
			path = Cells;
			sourceTree = "<group>";
		};
		92A0FBD22B2C19B300BC94B4 /* View */ = {
			isa = PBXGroup;
			children = (
				9283E2662B28A0BF005CA2CA /* FindVC.swift */,
				9286F54E2B2987D9003585FD /* FindVC + TableView.swift */,
				9283E2672B28A0BF005CA2CA /* FindVC.xib */,
			);
			path = View;
			sourceTree = "<group>";
		};
		92A0FBD32B2C19CB00BC94B4 /* View */ = {
			isa = PBXGroup;
			children = (
				9283E25F2B28463D005CA2CA /* HomeTabBarController.swift */,
			);
			path = View;
			sourceTree = "<group>";
		};
		92A0FBD42B2C19EA00BC94B4 /* ViewModel */ = {
			isa = PBXGroup;
			children = (
			);
			path = ViewModel;
			sourceTree = "<group>";
		};
		92A0FBD52B2C1BE200BC94B4 /* View */ = {
			isa = PBXGroup;
			children = (
				9281A5F52B23453600BD13B5 /* OTPVerificationVC.swift */,
				9281A5F62B23453600BD13B5 /* OTPVerificationVC.xib */,
			);
			path = View;
			sourceTree = "<group>";
		};
		92A0FBD62B2C1BEB00BC94B4 /* View */ = {
			isa = PBXGroup;
			children = (
				9218A4372B22D4E800CA476F /* RegisterVC.swift */,
				9218A4382B22D4E800CA476F /* RegisterVC.xib */,
			);
			path = View;
			sourceTree = "<group>";
		};
		92A0FBD72B2C1BF600BC94B4 /* View */ = {
			isa = PBXGroup;
			children = (
				9293BB522B19AA5100A85E86 /* LoginVC.swift */,
				9293BB532B19AA5100A85E86 /* LoginVC.xib */,
			);
			path = View;
			sourceTree = "<group>";
		};
		92A0FBD82B2C1C1400BC94B4 /* ViewModel */ = {
			isa = PBXGroup;
			children = (
			);
			path = ViewModel;
			sourceTree = "<group>";
		};
		92A0FBD92B2C1C1B00BC94B4 /* ViewModel */ = {
			isa = PBXGroup;
			children = (
			);
			path = ViewModel;
			sourceTree = "<group>";
		};
		92A0FBDF2B2C1F9B00BC94B4 /* Pages */ = {
			isa = PBXGroup;
			children = (
				9283E25D2B28430A005CA2CA /* Home */,
				9218A4352B22D42D00CA476F /* Login */,
				9281A5F42B2344F800BD13B5 /* OTP Verification */,
				9218A4362B22D46200CA476F /* Register */,
				923215732B21AAD500B54FDC /* PreferedExperience */,
				928BA47D2B205C1C00996AB8 /* CitySelection */,
				928AE17E2B1DC4EC00B517F5 /* PreferedGenre */,
				9293BB752B19FC7400A85E86 /* WalkThrough */,
			);
			path = Pages;
			sourceTree = "<group>";
		};
		92A0FBE12B2C200D00BC94B4 /* Model */ = {
			isa = PBXGroup;
			children = (
				923E37642B29B29A00B789D5 /* Cinemas.swift */,
			);
			path = Model;
			sourceTree = "<group>";
		};
		92A0FBE22B2C202D00BC94B4 /* Model */ = {
			isa = PBXGroup;
			children = (
				928BA4772B204CD100996AB8 /* Genres.swift */,
			);
			path = Model;
			sourceTree = "<group>";
		};
		92A0FBE32B2C204800BC94B4 /* Model */ = {
			isa = PBXGroup;
			children = (
				928396892B2AD1DD00D04A4A /* FindModel.swift */,
			);
			path = Model;
			sourceTree = "<group>";
		};
		92A0FBE42B2C509600BC94B4 /* PopularSearchCell */ = {
			isa = PBXGroup;
			children = (
				92A0FBE52B2C50E400BC94B4 /* PopularSearchCell.swift */,
				92A0FBE62B2C50E400BC94B4 /* PopularSearchCell.xib */,
			);
			path = PopularSearchCell;
			sourceTree = "<group>";
		};
/* End PBXGroup section */

/* Begin PBXNativeTarget section */
		9293BB392B199A5500A85E86 /* MuVi Design app */ = {
			isa = PBXNativeTarget;
			buildConfigurationList = 9293BB4E2B199A5900A85E86 /* Build configuration list for PBXNativeTarget "MuVi Design app" */;
			buildPhases = (
				A75617A43F40B0E3C2F75BE4 /* [CP] Check Pods Manifest.lock */,
				9293BB362B199A5500A85E86 /* Sources */,
				9293BB372B199A5500A85E86 /* Frameworks */,
				9293BB382B199A5500A85E86 /* Resources */,
				7BBDB9AC1B535FB66DB658BA /* [CP] Embed Pods Frameworks */,
			);
			buildRules = (
			);
			dependencies = (
			);
			name = "MuVi Design app";
			productName = "MuVi Design app";
			productReference = 9293BB3A2B199A5500A85E86 /* MuVi Design app.app */;
			productType = "com.apple.product-type.application";
		};
/* End PBXNativeTarget section */

/* Begin PBXProject section */
		9293BB322B199A5500A85E86 /* Project object */ = {
			isa = PBXProject;
			attributes = {
				BuildIndependentTargetsInParallel = 1;
				LastSwiftUpdateCheck = 1420;
				LastUpgradeCheck = 1420;
				TargetAttributes = {
					9293BB392B199A5500A85E86 = {
						CreatedOnToolsVersion = 14.2;
					};
				};
			};
			buildConfigurationList = 9293BB352B199A5500A85E86 /* Build configuration list for PBXProject "MuVi Design app" */;
			compatibilityVersion = "Xcode 14.0";
			developmentRegion = en;
			hasScannedForEncodings = 0;
			knownRegions = (
				en,
				Base,
			);
			mainGroup = 9293BB312B199A5500A85E86;
			productRefGroup = 9293BB3B2B199A5500A85E86 /* Products */;
			projectDirPath = "";
			projectRoot = "";
			targets = (
				9293BB392B199A5500A85E86 /* MuVi Design app */,
			);
		};
/* End PBXProject section */

/* Begin PBXResourcesBuildPhase section */
		9293BB382B199A5500A85E86 /* Resources */ = {
			isa = PBXResourcesBuildPhase;
			buildActionMask = 2147483647;
			files = (
				928AE1722B1D9EAB00B517F5 /* Barlow-Bold.ttf in Resources */,
				9293BB4A2B199A5900A85E86 /* LaunchScreen.storyboard in Resources */,
				928AE1742B1D9EAB00B517F5 /* Barlow-Thin.ttf in Resources */,
				928396882B2AD01800D04A4A /* LanguageCell.xib in Resources */,
				923215772B21AB5B00B54FDC /* PreferedExperienceVC.xib in Resources */,
				928AE1792B1D9EAB00B517F5 /* Barlow-ExtraLight.ttf in Resources */,
				9232157B2B21B06400B54FDC /* PreferedExperienceCell.xib in Resources */,
				928AE1852B1DC5BD00B517F5 /* WalkThroughCell.xib in Resources */,
				928AE18B2B1DF5A600B517F5 /* PreferencesVC.xib in Resources */,
				928AE16C2B1D9EAB00B517F5 /* Barlow-Black.ttf in Resources */,
				9218A43A2B22D4E800CA476F /* RegisterVC.xib in Resources */,
				92A0FBE82B2C50E400BC94B4 /* PopularSearchCell.xib in Resources */,
				928AE1782B1D9EAB00B517F5 /* Barlow-Regular.ttf in Resources */,
				928AE16E2B1D9EAB00B517F5 /* Barlow-ThinItalic.ttf in Resources */,
				928AE16F2B1D9EAB00B517F5 /* Barlow-ExtraBoldItalic.ttf in Resources */,
				928AE1702B1D9EAB00B517F5 /* Barlow-MediumItalic.ttf in Resources */,
				928AE16B2B1D9EAB00B517F5 /* Barlow-SemiBoldItalic.ttf in Resources */,
				928AE16A2B1D9EAB00B517F5 /* Barlow-BlackItalic.ttf in Resources */,
				9281A5F82B23453600BD13B5 /* OTPVerificationVC.xib in Resources */,
				928AE1692B1D9EAB00B517F5 /* Barlow-Italic.ttf in Resources */,
				928AE1712B1D9EAB00B517F5 /* Barlow-ExtraLightItalic.ttf in Resources */,
				928AE1682B1D9EAB00B517F5 /* Barlow-BoldItalic.ttf in Resources */,
				928BA4812B205C5400996AB8 /* CitySelectionVC.xib in Resources */,
				9283E2692B28A0BF005CA2CA /* FindVC.xib in Resources */,
				928AE18F2B1DF98F00B517F5 /* PreferencesCell.xib in Resources */,
				928AE1762B1D9EAB00B517F5 /* Barlow-ExtraBold.ttf in Resources */,
				928AE16D2B1D9EAB00B517F5 /* Barlow-Light.ttf in Resources */,
				9293BB472B199A5900A85E86 /* Assets.xcassets in Resources */,
				928AE1772B1D9EAB00B517F5 /* Barlow-Medium.ttf in Resources */,
				9293BB552B19AA5100A85E86 /* LoginVC.xib in Resources */,
				928AE1732B1D9EAB00B517F5 /* Barlow-LightItalic.ttf in Resources */,
				928AE1752B1D9EAB00B517F5 /* Barlow-SemiBold.ttf in Resources */,
				9293BB662B19EC1800A85E86 /* WalkThroughVC.xib in Resources */,
				923E37632B29AFF500B789D5 /* FindCollectionCell.xib in Resources */,
				928BA4872B20692500996AB8 /* CitySelectionCell.xib in Resources */,
			);
			runOnlyForDeploymentPostprocessing = 0;
		};
/* End PBXResourcesBuildPhase section */

/* Begin PBXShellScriptBuildPhase section */
		7BBDB9AC1B535FB66DB658BA /* [CP] Embed Pods Frameworks */ = {
			isa = PBXShellScriptBuildPhase;
			buildActionMask = 2147483647;
			files = (
			);
			inputFileListPaths = (
				"${PODS_ROOT}/Target Support Files/Pods-MuVi Design app/Pods-MuVi Design app-frameworks-${CONFIGURATION}-input-files.xcfilelist",
			);
			name = "[CP] Embed Pods Frameworks";
			outputFileListPaths = (
				"${PODS_ROOT}/Target Support Files/Pods-MuVi Design app/Pods-MuVi Design app-frameworks-${CONFIGURATION}-output-files.xcfilelist",
			);
			runOnlyForDeploymentPostprocessing = 0;
			shellPath = /bin/sh;
			shellScript = "\"${PODS_ROOT}/Target Support Files/Pods-MuVi Design app/Pods-MuVi Design app-frameworks.sh\"\n";
			showEnvVarsInLog = 0;
		};
		A75617A43F40B0E3C2F75BE4 /* [CP] Check Pods Manifest.lock */ = {
			isa = PBXShellScriptBuildPhase;
			buildActionMask = 2147483647;
			files = (
			);
			inputFileListPaths = (
			);
			inputPaths = (
				"${PODS_PODFILE_DIR_PATH}/Podfile.lock",
				"${PODS_ROOT}/Manifest.lock",
			);
			name = "[CP] Check Pods Manifest.lock";
			outputFileListPaths = (
			);
			outputPaths = (
				"$(DERIVED_FILE_DIR)/Pods-MuVi Design app-checkManifestLockResult.txt",
			);
			runOnlyForDeploymentPostprocessing = 0;
			shellPath = /bin/sh;
			shellScript = "diff \"${PODS_PODFILE_DIR_PATH}/Podfile.lock\" \"${PODS_ROOT}/Manifest.lock\" > /dev/null\nif [ $? != 0 ] ; then\n    # print error to STDERR\n    echo \"error: The sandbox is not in sync with the Podfile.lock. Run 'pod install' or update your CocoaPods installation.\" >&2\n    exit 1\nfi\n# This output is used by Xcode 'outputs' to avoid re-running this script phase.\necho \"SUCCESS\" > \"${SCRIPT_OUTPUT_FILE_0}\"\n";
			showEnvVarsInLog = 0;
		};
/* End PBXShellScriptBuildPhase section */

/* Begin PBXSourcesBuildPhase section */
		9293BB362B199A5500A85E86 /* Sources */ = {
			isa = PBXSourcesBuildPhase;
			buildActionMask = 2147483647;
			files = (
				928AE1912B1E00AC00B517F5 /* PreferencesVC + CollectionView.swift in Sources */,
				9283E2682B28A0BF005CA2CA /* FindVC.swift in Sources */,
				9232157A2B21B06400B54FDC /* PreferedExperienceCell.swift in Sources */,
				92EF6CA22B29DCB90073A071 /* FindCollectionCell + CollectionView.swift in Sources */,
				928BA4862B20692500996AB8 /* CitySelectionCell.swift in Sources */,
				928BA4832B20615800996AB8 /* CitySelectionVC + CollectionView.swift in Sources */,
				92A0FBE72B2C50E400BC94B4 /* PopularSearchCell.swift in Sources */,
				9283E2602B28463D005CA2CA /* HomeTabBarController.swift in Sources */,
				9283E2642B286139005CA2CA /* HomeTabBarViewModel.swift in Sources */,
				928AE18E2B1DF98F00B517F5 /* PreferencesCell.swift in Sources */,
				928AE18A2B1DF5A600B517F5 /* PreferencesVC.swift in Sources */,
				928396832B2ACDEB00D04A4A /* Extension + CollectionView.swift in Sources */,
				9281A5F72B23453600BD13B5 /* OTPVerificationVC.swift in Sources */,
				928BA47A2B204D0200996AB8 /* PreferencesViewModel.swift in Sources */,
				928AE1842B1DC5BD00B517F5 /* WalkThroughCell.swift in Sources */,
				923215762B21AB5B00B54FDC /* PreferedExperienceVC.swift in Sources */,
				9218A4392B22D4E800CA476F /* RegisterVC.swift in Sources */,
				9283968A2B2AD1DD00D04A4A /* FindModel.swift in Sources */,
				928BA4782B204CD100996AB8 /* Genres.swift in Sources */,
				923E37622B29AFF500B789D5 /* FindCollectionCell.swift in Sources */,
				9232157D2B21BA8900B54FDC /* PreferedExperienceVC + CollectionView.swift in Sources */,
				9293BB5E2B19C8DE00A85E86 /* Constants.swift in Sources */,
				928AE1872B1DED9400B517F5 /* WalkThroughVC + CollectionView.swift in Sources */,
				928BA4802B205C5400996AB8 /* CitySelectionVC.swift in Sources */,
				9293BB3E2B199A5500A85E86 /* AppDelegate.swift in Sources */,
				928BA4762B2041A000996AB8 /* BaseVC.swift in Sources */,
				928BA4892B20717F00996AB8 /* CitySelectionViewModel.swift in Sources */,
				9232157F2B21BAF600B54FDC /* PreferedExperienceViewModel.swift in Sources */,
				9293BB402B199A5500A85E86 /* SceneDelegate.swift in Sources */,
				928396812B2ACDBA00D04A4A /* Extension + TableView.swift in Sources */,
				9286F54F2B2987D9003585FD /* FindVC + TableView.swift in Sources */,
				9293BB542B19AA5100A85E86 /* LoginVC.swift in Sources */,
				9293BB652B19EC1800A85E86 /* WalkThroughVC.swift in Sources */,
				928BA47C2B20560700996AB8 /* Helpers.swift in Sources */,
				923E37652B29B29B00B789D5 /* Cinemas.swift in Sources */,
				928396872B2AD01800D04A4A /* LanguageCell.swift in Sources */,
				9293BB5C2B19BBE900A85E86 /* Extensions.swift in Sources */,
			);
			runOnlyForDeploymentPostprocessing = 0;
		};
/* End PBXSourcesBuildPhase section */

/* Begin PBXVariantGroup section */
		9293BB482B199A5900A85E86 /* LaunchScreen.storyboard */ = {
			isa = PBXVariantGroup;
			children = (
				9293BB492B199A5900A85E86 /* Base */,
			);
			name = LaunchScreen.storyboard;
			sourceTree = "<group>";
		};
/* End PBXVariantGroup section */

/* Begin XCBuildConfiguration section */
		9293BB4C2B199A5900A85E86 /* Debug */ = {
			isa = XCBuildConfiguration;
			buildSettings = {
				ALWAYS_SEARCH_USER_PATHS = NO;
				CLANG_ANALYZER_NONNULL = YES;
				CLANG_ANALYZER_NUMBER_OBJECT_CONVERSION = YES_AGGRESSIVE;
				CLANG_CXX_LANGUAGE_STANDARD = "gnu++20";
				CLANG_ENABLE_MODULES = YES;
				CLANG_ENABLE_OBJC_ARC = YES;
				CLANG_ENABLE_OBJC_WEAK = YES;
				CLANG_WARN_BLOCK_CAPTURE_AUTORELEASING = YES;
				CLANG_WARN_BOOL_CONVERSION = YES;
				CLANG_WARN_COMMA = YES;
				CLANG_WARN_CONSTANT_CONVERSION = YES;
				CLANG_WARN_DEPRECATED_OBJC_IMPLEMENTATIONS = YES;
				CLANG_WARN_DIRECT_OBJC_ISA_USAGE = YES_ERROR;
				CLANG_WARN_DOCUMENTATION_COMMENTS = YES;
				CLANG_WARN_EMPTY_BODY = YES;
				CLANG_WARN_ENUM_CONVERSION = YES;
				CLANG_WARN_INFINITE_RECURSION = YES;
				CLANG_WARN_INT_CONVERSION = YES;
				CLANG_WARN_NON_LITERAL_NULL_CONVERSION = YES;
				CLANG_WARN_OBJC_IMPLICIT_RETAIN_SELF = YES;
				CLANG_WARN_OBJC_LITERAL_CONVERSION = YES;
				CLANG_WARN_OBJC_ROOT_CLASS = YES_ERROR;
				CLANG_WARN_QUOTED_INCLUDE_IN_FRAMEWORK_HEADER = YES;
				CLANG_WARN_RANGE_LOOP_ANALYSIS = YES;
				CLANG_WARN_STRICT_PROTOTYPES = YES;
				CLANG_WARN_SUSPICIOUS_MOVE = YES;
				CLANG_WARN_UNGUARDED_AVAILABILITY = YES_AGGRESSIVE;
				CLANG_WARN_UNREACHABLE_CODE = YES;
				CLANG_WARN__DUPLICATE_METHOD_MATCH = YES;
				COPY_PHASE_STRIP = NO;
				DEBUG_INFORMATION_FORMAT = dwarf;
				ENABLE_STRICT_OBJC_MSGSEND = YES;
				ENABLE_TESTABILITY = YES;
				GCC_C_LANGUAGE_STANDARD = gnu11;
				GCC_DYNAMIC_NO_PIC = NO;
				GCC_NO_COMMON_BLOCKS = YES;
				GCC_OPTIMIZATION_LEVEL = 0;
				GCC_PREPROCESSOR_DEFINITIONS = (
					"DEBUG=1",
					"$(inherited)",
				);
				GCC_WARN_64_TO_32_BIT_CONVERSION = YES;
				GCC_WARN_ABOUT_RETURN_TYPE = YES_ERROR;
				GCC_WARN_UNDECLARED_SELECTOR = YES;
				GCC_WARN_UNINITIALIZED_AUTOS = YES_AGGRESSIVE;
				GCC_WARN_UNUSED_FUNCTION = YES;
				GCC_WARN_UNUSED_VARIABLE = YES;
				IPHONEOS_DEPLOYMENT_TARGET = 16.2;
				MTL_ENABLE_DEBUG_INFO = INCLUDE_SOURCE;
				MTL_FAST_MATH = YES;
				ONLY_ACTIVE_ARCH = YES;
				SDKROOT = iphoneos;
				SWIFT_ACTIVE_COMPILATION_CONDITIONS = DEBUG;
				SWIFT_OPTIMIZATION_LEVEL = "-Onone";
			};
			name = Debug;
		};
		9293BB4D2B199A5900A85E86 /* Release */ = {
			isa = XCBuildConfiguration;
			buildSettings = {
				ALWAYS_SEARCH_USER_PATHS = NO;
				CLANG_ANALYZER_NONNULL = YES;
				CLANG_ANALYZER_NUMBER_OBJECT_CONVERSION = YES_AGGRESSIVE;
				CLANG_CXX_LANGUAGE_STANDARD = "gnu++20";
				CLANG_ENABLE_MODULES = YES;
				CLANG_ENABLE_OBJC_ARC = YES;
				CLANG_ENABLE_OBJC_WEAK = YES;
				CLANG_WARN_BLOCK_CAPTURE_AUTORELEASING = YES;
				CLANG_WARN_BOOL_CONVERSION = YES;
				CLANG_WARN_COMMA = YES;
				CLANG_WARN_CONSTANT_CONVERSION = YES;
				CLANG_WARN_DEPRECATED_OBJC_IMPLEMENTATIONS = YES;
				CLANG_WARN_DIRECT_OBJC_ISA_USAGE = YES_ERROR;
				CLANG_WARN_DOCUMENTATION_COMMENTS = YES;
				CLANG_WARN_EMPTY_BODY = YES;
				CLANG_WARN_ENUM_CONVERSION = YES;
				CLANG_WARN_INFINITE_RECURSION = YES;
				CLANG_WARN_INT_CONVERSION = YES;
				CLANG_WARN_NON_LITERAL_NULL_CONVERSION = YES;
				CLANG_WARN_OBJC_IMPLICIT_RETAIN_SELF = YES;
				CLANG_WARN_OBJC_LITERAL_CONVERSION = YES;
				CLANG_WARN_OBJC_ROOT_CLASS = YES_ERROR;
				CLANG_WARN_QUOTED_INCLUDE_IN_FRAMEWORK_HEADER = YES;
				CLANG_WARN_RANGE_LOOP_ANALYSIS = YES;
				CLANG_WARN_STRICT_PROTOTYPES = YES;
				CLANG_WARN_SUSPICIOUS_MOVE = YES;
				CLANG_WARN_UNGUARDED_AVAILABILITY = YES_AGGRESSIVE;
				CLANG_WARN_UNREACHABLE_CODE = YES;
				CLANG_WARN__DUPLICATE_METHOD_MATCH = YES;
				COPY_PHASE_STRIP = NO;
				DEBUG_INFORMATION_FORMAT = "dwarf-with-dsym";
				ENABLE_NS_ASSERTIONS = NO;
				ENABLE_STRICT_OBJC_MSGSEND = YES;
				GCC_C_LANGUAGE_STANDARD = gnu11;
				GCC_NO_COMMON_BLOCKS = YES;
				GCC_WARN_64_TO_32_BIT_CONVERSION = YES;
				GCC_WARN_ABOUT_RETURN_TYPE = YES_ERROR;
				GCC_WARN_UNDECLARED_SELECTOR = YES;
				GCC_WARN_UNINITIALIZED_AUTOS = YES_AGGRESSIVE;
				GCC_WARN_UNUSED_FUNCTION = YES;
				GCC_WARN_UNUSED_VARIABLE = YES;
				IPHONEOS_DEPLOYMENT_TARGET = 16.2;
				MTL_ENABLE_DEBUG_INFO = NO;
				MTL_FAST_MATH = YES;
				SDKROOT = iphoneos;
				SWIFT_COMPILATION_MODE = wholemodule;
				SWIFT_OPTIMIZATION_LEVEL = "-O";
				VALIDATE_PRODUCT = YES;
			};
			name = Release;
		};
		9293BB4F2B199A5900A85E86 /* Debug */ = {
			isa = XCBuildConfiguration;
			baseConfigurationReference = B968DE390BB6BCD4059D0BB8 /* Pods-MuVi Design app.debug.xcconfig */;
			buildSettings = {
				ASSETCATALOG_COMPILER_APPICON_NAME = AppIcon;
				ASSETCATALOG_COMPILER_GLOBAL_ACCENT_COLOR_NAME = AccentColor;
				CODE_SIGN_STYLE = Automatic;
				CURRENT_PROJECT_VERSION = 1;
				DEVELOPMENT_TEAM = JDQM4MDQ97;
				GENERATE_INFOPLIST_FILE = YES;
				INFOPLIST_FILE = "MuVi Design app/Info.plist";
				INFOPLIST_KEY_UIApplicationSupportsIndirectInputEvents = YES;
				INFOPLIST_KEY_UILaunchStoryboardName = LaunchScreen;
				INFOPLIST_KEY_UISupportedInterfaceOrientations_iPad = "UIInterfaceOrientationPortrait UIInterfaceOrientationPortraitUpsideDown UIInterfaceOrientationLandscapeLeft UIInterfaceOrientationLandscapeRight";
				INFOPLIST_KEY_UISupportedInterfaceOrientations_iPhone = "UIInterfaceOrientationPortrait UIInterfaceOrientationLandscapeLeft UIInterfaceOrientationLandscapeRight";
				LD_RUNPATH_SEARCH_PATHS = (
					"$(inherited)",
					"@executable_path/Frameworks",
				);
				MARKETING_VERSION = 1.0;
				PRODUCT_BUNDLE_IDENTIFIER = "Chintan.MuVi-Design-app";
				PRODUCT_NAME = "$(TARGET_NAME)";
				SWIFT_EMIT_LOC_STRINGS = YES;
				SWIFT_VERSION = 5.0;
				TARGETED_DEVICE_FAMILY = "1,2";
			};
			name = Debug;
		};
		9293BB502B199A5900A85E86 /* Release */ = {
			isa = XCBuildConfiguration;
			baseConfigurationReference = 9B2BADC336503F9A2A2F849F /* Pods-MuVi Design app.release.xcconfig */;
			buildSettings = {
				ASSETCATALOG_COMPILER_APPICON_NAME = AppIcon;
				ASSETCATALOG_COMPILER_GLOBAL_ACCENT_COLOR_NAME = AccentColor;
				CODE_SIGN_STYLE = Automatic;
				CURRENT_PROJECT_VERSION = 1;
				DEVELOPMENT_TEAM = JDQM4MDQ97;
				GENERATE_INFOPLIST_FILE = YES;
				INFOPLIST_FILE = "MuVi Design app/Info.plist";
				INFOPLIST_KEY_UIApplicationSupportsIndirectInputEvents = YES;
				INFOPLIST_KEY_UILaunchStoryboardName = LaunchScreen;
				INFOPLIST_KEY_UISupportedInterfaceOrientations_iPad = "UIInterfaceOrientationPortrait UIInterfaceOrientationPortraitUpsideDown UIInterfaceOrientationLandscapeLeft UIInterfaceOrientationLandscapeRight";
				INFOPLIST_KEY_UISupportedInterfaceOrientations_iPhone = "UIInterfaceOrientationPortrait UIInterfaceOrientationLandscapeLeft UIInterfaceOrientationLandscapeRight";
				LD_RUNPATH_SEARCH_PATHS = (
					"$(inherited)",
					"@executable_path/Frameworks",
				);
				MARKETING_VERSION = 1.0;
				PRODUCT_BUNDLE_IDENTIFIER = "Chintan.MuVi-Design-app";
				PRODUCT_NAME = "$(TARGET_NAME)";
				SWIFT_EMIT_LOC_STRINGS = YES;
				SWIFT_VERSION = 5.0;
				TARGETED_DEVICE_FAMILY = "1,2";
			};
			name = Release;
		};
/* End XCBuildConfiguration section */

/* Begin XCConfigurationList section */
		9293BB352B199A5500A85E86 /* Build configuration list for PBXProject "MuVi Design app" */ = {
			isa = XCConfigurationList;
			buildConfigurations = (
				9293BB4C2B199A5900A85E86 /* Debug */,
				9293BB4D2B199A5900A85E86 /* Release */,
			);
			defaultConfigurationIsVisible = 0;
			defaultConfigurationName = Release;
		};
		9293BB4E2B199A5900A85E86 /* Build configuration list for PBXNativeTarget "MuVi Design app" */ = {
			isa = XCConfigurationList;
			buildConfigurations = (
				9293BB4F2B199A5900A85E86 /* Debug */,
				9293BB502B199A5900A85E86 /* Release */,
			);
			defaultConfigurationIsVisible = 0;
			defaultConfigurationName = Release;
		};
/* End XCConfigurationList section */
	};
	rootObject = 9293BB322B199A5500A85E86 /* Project object */;
}
