// !$*UTF8*$!
{
	archiveVersion = 1;
	classes = {
	};
	objectVersion = 56;
	objects = {

/* Begin PBXBuildFile section */
		9293BB3E2B199A5500A85E86 /* AppDelegate.swift in Sources */ = {isa = PBXBuildFile; fileRef = 9293BB3D2B199A5500A85E86 /* AppDelegate.swift */; };
		9293BB402B199A5500A85E86 /* SceneDelegate.swift in Sources */ = {isa = PBXBuildFile; fileRef = 9293BB3F2B199A5500A85E86 /* SceneDelegate.swift */; };
		9293BB472B199A5900A85E86 /* Assets.xcassets in Resources */ = {isa = PBXBuildFile; fileRef = 9293BB462B199A5900A85E86 /* Assets.xcassets */; };
		9293BB4A2B199A5900A85E86 /* LaunchScreen.storyboard in Resources */ = {isa = PBXBuildFile; fileRef = 9293BB482B199A5900A85E86 /* LaunchScreen.storyboard */; };
		9293BB542B19AA5100A85E86 /* LoginVC.swift in Sources */ = {isa = PBXBuildFile; fileRef = 9293BB522B19AA5100A85E86 /* LoginVC.swift */; };
		9293BB552B19AA5100A85E86 /* LoginVC.xib in Resources */ = {isa = PBXBuildFile; fileRef = 9293BB532B19AA5100A85E86 /* LoginVC.xib */; };
		9293BB582B19B23900A85E86 /* Barlow in Resources */ = {isa = PBXBuildFile; fileRef = 9293BB572B19B23800A85E86 /* Barlow */; };
		9293BB5C2B19BBE900A85E86 /* Extensions.swift in Sources */ = {isa = PBXBuildFile; fileRef = 9293BB5B2B19BBE800A85E86 /* Extensions.swift */; };
		9293BB5E2B19C8DE00A85E86 /* Constants.swift in Sources */ = {isa = PBXBuildFile; fileRef = 9293BB5D2B19C8DE00A85E86 /* Constants.swift */; };
		9293BB652B19EC1800A85E86 /* WalkThroughVC.swift in Sources */ = {isa = PBXBuildFile; fileRef = 9293BB632B19EC1800A85E86 /* WalkThroughVC.swift */; };
		9293BB662B19EC1800A85E86 /* WalkThroughVC.xib in Resources */ = {isa = PBXBuildFile; fileRef = 9293BB642B19EC1800A85E86 /* WalkThroughVC.xib */; };
		9293BB6F2B19F03600A85E86 /* WalkThroughCell1.swift in Sources */ = {isa = PBXBuildFile; fileRef = 9293BB6D2B19F03600A85E86 /* WalkThroughCell1.swift */; };
		9293BB702B19F03600A85E86 /* WalkThroughCell1.xib in Resources */ = {isa = PBXBuildFile; fileRef = 9293BB6E2B19F03600A85E86 /* WalkThroughCell1.xib */; };
		9293BB732B19F05200A85E86 /* WalkThroughCell2.swift in Sources */ = {isa = PBXBuildFile; fileRef = 9293BB712B19F05200A85E86 /* WalkThroughCell2.swift */; };
		9293BB742B19F05200A85E86 /* WalkThroughCell2.xib in Resources */ = {isa = PBXBuildFile; fileRef = 9293BB722B19F05200A85E86 /* WalkThroughCell2.xib */; };
/* End PBXBuildFile section */

/* Begin PBXFileReference section */
		9293BB3A2B199A5500A85E86 /* MuVi Design app.app */ = {isa = PBXFileReference; explicitFileType = wrapper.application; includeInIndex = 0; path = "MuVi Design app.app"; sourceTree = BUILT_PRODUCTS_DIR; };
		9293BB3D2B199A5500A85E86 /* AppDelegate.swift */ = {isa = PBXFileReference; lastKnownFileType = sourcecode.swift; path = AppDelegate.swift; sourceTree = "<group>"; };
		9293BB3F2B199A5500A85E86 /* SceneDelegate.swift */ = {isa = PBXFileReference; lastKnownFileType = sourcecode.swift; path = SceneDelegate.swift; sourceTree = "<group>"; };
		9293BB462B199A5900A85E86 /* Assets.xcassets */ = {isa = PBXFileReference; lastKnownFileType = folder.assetcatalog; path = Assets.xcassets; sourceTree = "<group>"; };
		9293BB492B199A5900A85E86 /* Base */ = {isa = PBXFileReference; lastKnownFileType = file.storyboard; name = Base; path = Base.lproj/LaunchScreen.storyboard; sourceTree = "<group>"; };
		9293BB4B2B199A5900A85E86 /* Info.plist */ = {isa = PBXFileReference; lastKnownFileType = text.plist.xml; path = Info.plist; sourceTree = "<group>"; };
		9293BB522B19AA5100A85E86 /* LoginVC.swift */ = {isa = PBXFileReference; lastKnownFileType = sourcecode.swift; path = LoginVC.swift; sourceTree = "<group>"; };
		9293BB532B19AA5100A85E86 /* LoginVC.xib */ = {isa = PBXFileReference; lastKnownFileType = file.xib; path = LoginVC.xib; sourceTree = "<group>"; };
		9293BB572B19B23800A85E86 /* Barlow */ = {isa = PBXFileReference; fileEncoding = 4; lastKnownFileType = folder; name = Barlow; path = "MuVi Design app/Resources/Barlow"; sourceTree = SOURCE_ROOT; };
		9293BB5B2B19BBE800A85E86 /* Extensions.swift */ = {isa = PBXFileReference; lastKnownFileType = sourcecode.swift; path = Extensions.swift; sourceTree = "<group>"; };
		9293BB5D2B19C8DE00A85E86 /* Constants.swift */ = {isa = PBXFileReference; lastKnownFileType = sourcecode.swift; path = Constants.swift; sourceTree = "<group>"; };
		9293BB632B19EC1800A85E86 /* WalkThroughVC.swift */ = {isa = PBXFileReference; lastKnownFileType = sourcecode.swift; path = WalkThroughVC.swift; sourceTree = "<group>"; };
		9293BB642B19EC1800A85E86 /* WalkThroughVC.xib */ = {isa = PBXFileReference; lastKnownFileType = file.xib; path = WalkThroughVC.xib; sourceTree = "<group>"; };
		9293BB6D2B19F03600A85E86 /* WalkThroughCell1.swift */ = {isa = PBXFileReference; lastKnownFileType = sourcecode.swift; path = WalkThroughCell1.swift; sourceTree = "<group>"; };
		9293BB6E2B19F03600A85E86 /* WalkThroughCell1.xib */ = {isa = PBXFileReference; lastKnownFileType = file.xib; path = WalkThroughCell1.xib; sourceTree = "<group>"; };
		9293BB712B19F05200A85E86 /* WalkThroughCell2.swift */ = {isa = PBXFileReference; lastKnownFileType = sourcecode.swift; path = WalkThroughCell2.swift; sourceTree = "<group>"; };
		9293BB722B19F05200A85E86 /* WalkThroughCell2.xib */ = {isa = PBXFileReference; lastKnownFileType = file.xib; path = WalkThroughCell2.xib; sourceTree = "<group>"; };
/* End PBXFileReference section */

/* Begin PBXFrameworksBuildPhase section */
		9293BB372B199A5500A85E86 /* Frameworks */ = {
			isa = PBXFrameworksBuildPhase;
			buildActionMask = 2147483647;
			files = (
			);
			runOnlyForDeploymentPostprocessing = 0;
		};
/* End PBXFrameworksBuildPhase section */

/* Begin PBXGroup section */
		9293BB312B199A5500A85E86 = {
			isa = PBXGroup;
			children = (
				9293BB3C2B199A5500A85E86 /* MuVi Design app */,
				9293BB3B2B199A5500A85E86 /* Products */,
			);
			sourceTree = "<group>";
		};
		9293BB3B2B199A5500A85E86 /* Products */ = {
			isa = PBXGroup;
			children = (
				9293BB3A2B199A5500A85E86 /* MuVi Design app.app */,
			);
			name = Products;
			sourceTree = "<group>";
		};
		9293BB3C2B199A5500A85E86 /* MuVi Design app */ = {
			isa = PBXGroup;
			children = (
				9293BB672B19EE9800A85E86 /* Models */,
				9293BB622B19EB9E00A85E86 /* WalkThrough */,
				9293BB5A2B19BBC500A85E86 /* Utilities */,
				9293BB592B19B43400A85E86 /* Resources */,
				9293BB512B199C7600A85E86 /* Application */,
				9293BB562B19AA6200A85E86 /* Login */,
				9293BB482B199A5900A85E86 /* LaunchScreen.storyboard */,
				9293BB4B2B199A5900A85E86 /* Info.plist */,
			);
			path = "MuVi Design app";
			sourceTree = "<group>";
		};
		9293BB512B199C7600A85E86 /* Application */ = {
			isa = PBXGroup;
			children = (
				9293BB3D2B199A5500A85E86 /* AppDelegate.swift */,
				9293BB3F2B199A5500A85E86 /* SceneDelegate.swift */,
			);
			path = Application;
			sourceTree = "<group>";
		};
		9293BB562B19AA6200A85E86 /* Login */ = {
			isa = PBXGroup;
			children = (
				9293BB692B19EEB000A85E86 /* View */,
				9293BB682B19EEA500A85E86 /* ViewModel */,
			);
			path = Login;
			sourceTree = "<group>";
		};
		9293BB592B19B43400A85E86 /* Resources */ = {
			isa = PBXGroup;
			children = (
				9293BB462B199A5900A85E86 /* Assets.xcassets */,
				9293BB572B19B23800A85E86 /* Barlow */,
			);
			path = Resources;
			sourceTree = "<group>";
		};
		9293BB5A2B19BBC500A85E86 /* Utilities */ = {
			isa = PBXGroup;
			children = (
				9293BB5B2B19BBE800A85E86 /* Extensions.swift */,
				9293BB5D2B19C8DE00A85E86 /* Constants.swift */,
			);
			path = Utilities;
			sourceTree = "<group>";
		};
		9293BB622B19EB9E00A85E86 /* WalkThrough */ = {
			isa = PBXGroup;
			children = (
				9293BB6B2B19EECC00A85E86 /* View */,
				9293BB6A2B19EEC600A85E86 /* ViewModel */,
			);
			path = WalkThrough;
			sourceTree = "<group>";
		};
		9293BB672B19EE9800A85E86 /* Models */ = {
			isa = PBXGroup;
			children = (
			);
			path = Models;
			sourceTree = "<group>";
		};
		9293BB682B19EEA500A85E86 /* ViewModel */ = {
			isa = PBXGroup;
			children = (
			);
			path = ViewModel;
			sourceTree = "<group>";
		};
		9293BB692B19EEB000A85E86 /* View */ = {
			isa = PBXGroup;
			children = (
				9293BB522B19AA5100A85E86 /* LoginVC.swift */,
				9293BB532B19AA5100A85E86 /* LoginVC.xib */,
			);
			path = View;
			sourceTree = "<group>";
		};
		9293BB6A2B19EEC600A85E86 /* ViewModel */ = {
			isa = PBXGroup;
			children = (
			);
			path = ViewModel;
			sourceTree = "<group>";
		};
		9293BB6B2B19EECC00A85E86 /* View */ = {
			isa = PBXGroup;
			children = (
				9293BB632B19EC1800A85E86 /* WalkThroughVC.swift */,
				9293BB642B19EC1800A85E86 /* WalkThroughVC.xib */,
				9293BB6C2B19EFF600A85E86 /* cells */,
			);
			path = View;
			sourceTree = "<group>";
		};
		9293BB6C2B19EFF600A85E86 /* cells */ = {
			isa = PBXGroup;
			children = (
				9293BB6D2B19F03600A85E86 /* WalkThroughCell1.swift */,
				9293BB6E2B19F03600A85E86 /* WalkThroughCell1.xib */,
				9293BB712B19F05200A85E86 /* WalkThroughCell2.swift */,
				9293BB722B19F05200A85E86 /* WalkThroughCell2.xib */,
			);
			path = cells;
			sourceTree = "<group>";
		};
/* End PBXGroup section */

/* Begin PBXNativeTarget section */
		9293BB392B199A5500A85E86 /* MuVi Design app */ = {
			isa = PBXNativeTarget;
			buildConfigurationList = 9293BB4E2B199A5900A85E86 /* Build configuration list for PBXNativeTarget "MuVi Design app" */;
			buildPhases = (
				9293BB362B199A5500A85E86 /* Sources */,
				9293BB372B199A5500A85E86 /* Frameworks */,
				9293BB382B199A5500A85E86 /* Resources */,
			);
			buildRules = (
			);
			dependencies = (
			);
			name = "MuVi Design app";
			productName = "MuVi Design app";
			productReference = 9293BB3A2B199A5500A85E86 /* MuVi Design app.app */;
			productType = "com.apple.product-type.application";
		};
/* End PBXNativeTarget section */

/* Begin PBXProject section */
		9293BB322B199A5500A85E86 /* Project object */ = {
			isa = PBXProject;
			attributes = {
				BuildIndependentTargetsInParallel = 1;
				LastSwiftUpdateCheck = 1420;
				LastUpgradeCheck = 1420;
				TargetAttributes = {
					9293BB392B199A5500A85E86 = {
						CreatedOnToolsVersion = 14.2;
					};
				};
			};
			buildConfigurationList = 9293BB352B199A5500A85E86 /* Build configuration list for PBXProject "MuVi Design app" */;
			compatibilityVersion = "Xcode 14.0";
			developmentRegion = en;
			hasScannedForEncodings = 0;
			knownRegions = (
				en,
				Base,
			);
			mainGroup = 9293BB312B199A5500A85E86;
			productRefGroup = 9293BB3B2B199A5500A85E86 /* Products */;
			projectDirPath = "";
			projectRoot = "";
			targets = (
				9293BB392B199A5500A85E86 /* MuVi Design app */,
			);
		};
/* End PBXProject section */

/* Begin PBXResourcesBuildPhase section */
		9293BB382B199A5500A85E86 /* Resources */ = {
			isa = PBXResourcesBuildPhase;
			buildActionMask = 2147483647;
			files = (
				9293BB4A2B199A5900A85E86 /* LaunchScreen.storyboard in Resources */,
				9293BB582B19B23900A85E86 /* Barlow in Resources */,
				9293BB742B19F05200A85E86 /* WalkThroughCell2.xib in Resources */,
				9293BB702B19F03600A85E86 /* WalkThroughCell1.xib in Resources */,
				9293BB472B199A5900A85E86 /* Assets.xcassets in Resources */,
				9293BB552B19AA5100A85E86 /* LoginVC.xib in Resources */,
				9293BB662B19EC1800A85E86 /* WalkThroughVC.xib in Resources */,
			);
			runOnlyForDeploymentPostprocessing = 0;
		};
/* End PBXResourcesBuildPhase section */

/* Begin PBXSourcesBuildPhase section */
		9293BB362B199A5500A85E86 /* Sources */ = {
			isa = PBXSourcesBuildPhase;
			buildActionMask = 2147483647;
			files = (
				9293BB6F2B19F03600A85E86 /* WalkThroughCell1.swift in Sources */,
				9293BB5E2B19C8DE00A85E86 /* Constants.swift in Sources */,
				9293BB3E2B199A5500A85E86 /* AppDelegate.swift in Sources */,
				9293BB732B19F05200A85E86 /* WalkThroughCell2.swift in Sources */,
				9293BB402B199A5500A85E86 /* SceneDelegate.swift in Sources */,
				9293BB542B19AA5100A85E86 /* LoginVC.swift in Sources */,
				9293BB652B19EC1800A85E86 /* WalkThroughVC.swift in Sources */,
				9293BB5C2B19BBE900A85E86 /* Extensions.swift in Sources */,
			);
			runOnlyForDeploymentPostprocessing = 0;
		};
/* End PBXSourcesBuildPhase section */

/* Begin PBXVariantGroup section */
		9293BB482B199A5900A85E86 /* LaunchScreen.storyboard */ = {
			isa = PBXVariantGroup;
			children = (
				9293BB492B199A5900A85E86 /* Base */,
			);
			name = LaunchScreen.storyboard;
			sourceTree = "<group>";
		};
/* End PBXVariantGroup section */

/* Begin XCBuildConfiguration section */
		9293BB4C2B199A5900A85E86 /* Debug */ = {
			isa = XCBuildConfiguration;
			buildSettings = {
				ALWAYS_SEARCH_USER_PATHS = NO;
				CLANG_ANALYZER_NONNULL = YES;
				CLANG_ANALYZER_NUMBER_OBJECT_CONVERSION = YES_AGGRESSIVE;
				CLANG_CXX_LANGUAGE_STANDARD = "gnu++20";
				CLANG_ENABLE_MODULES = YES;
				CLANG_ENABLE_OBJC_ARC = YES;
				CLANG_ENABLE_OBJC_WEAK = YES;
				CLANG_WARN_BLOCK_CAPTURE_AUTORELEASING = YES;
				CLANG_WARN_BOOL_CONVERSION = YES;
				CLANG_WARN_COMMA = YES;
				CLANG_WARN_CONSTANT_CONVERSION = YES;
				CLANG_WARN_DEPRECATED_OBJC_IMPLEMENTATIONS = YES;
				CLANG_WARN_DIRECT_OBJC_ISA_USAGE = YES_ERROR;
				CLANG_WARN_DOCUMENTATION_COMMENTS = YES;
				CLANG_WARN_EMPTY_BODY = YES;
				CLANG_WARN_ENUM_CONVERSION = YES;
				CLANG_WARN_INFINITE_RECURSION = YES;
				CLANG_WARN_INT_CONVERSION = YES;
				CLANG_WARN_NON_LITERAL_NULL_CONVERSION = YES;
				CLANG_WARN_OBJC_IMPLICIT_RETAIN_SELF = YES;
				CLANG_WARN_OBJC_LITERAL_CONVERSION = YES;
				CLANG_WARN_OBJC_ROOT_CLASS = YES_ERROR;
				CLANG_WARN_QUOTED_INCLUDE_IN_FRAMEWORK_HEADER = YES;
				CLANG_WARN_RANGE_LOOP_ANALYSIS = YES;
				CLANG_WARN_STRICT_PROTOTYPES = YES;
				CLANG_WARN_SUSPICIOUS_MOVE = YES;
				CLANG_WARN_UNGUARDED_AVAILABILITY = YES_AGGRESSIVE;
				CLANG_WARN_UNREACHABLE_CODE = YES;
				CLANG_WARN__DUPLICATE_METHOD_MATCH = YES;
				COPY_PHASE_STRIP = NO;
				DEBUG_INFORMATION_FORMAT = dwarf;
				ENABLE_STRICT_OBJC_MSGSEND = YES;
				ENABLE_TESTABILITY = YES;
				GCC_C_LANGUAGE_STANDARD = gnu11;
				GCC_DYNAMIC_NO_PIC = NO;
				GCC_NO_COMMON_BLOCKS = YES;
				GCC_OPTIMIZATION_LEVEL = 0;
				GCC_PREPROCESSOR_DEFINITIONS = (
					"DEBUG=1",
					"$(inherited)",
				);
				GCC_WARN_64_TO_32_BIT_CONVERSION = YES;
				GCC_WARN_ABOUT_RETURN_TYPE = YES_ERROR;
				GCC_WARN_UNDECLARED_SELECTOR = YES;
				GCC_WARN_UNINITIALIZED_AUTOS = YES_AGGRESSIVE;
				GCC_WARN_UNUSED_FUNCTION = YES;
				GCC_WARN_UNUSED_VARIABLE = YES;
				IPHONEOS_DEPLOYMENT_TARGET = 16.2;
				MTL_ENABLE_DEBUG_INFO = INCLUDE_SOURCE;
				MTL_FAST_MATH = YES;
				ONLY_ACTIVE_ARCH = YES;
				SDKROOT = iphoneos;
				SWIFT_ACTIVE_COMPILATION_CONDITIONS = DEBUG;
				SWIFT_OPTIMIZATION_LEVEL = "-Onone";
			};
			name = Debug;
		};
		9293BB4D2B199A5900A85E86 /* Release */ = {
			isa = XCBuildConfiguration;
			buildSettings = {
				ALWAYS_SEARCH_USER_PATHS = NO;
				CLANG_ANALYZER_NONNULL = YES;
				CLANG_ANALYZER_NUMBER_OBJECT_CONVERSION = YES_AGGRESSIVE;
				CLANG_CXX_LANGUAGE_STANDARD = "gnu++20";
				CLANG_ENABLE_MODULES = YES;
				CLANG_ENABLE_OBJC_ARC = YES;
				CLANG_ENABLE_OBJC_WEAK = YES;
				CLANG_WARN_BLOCK_CAPTURE_AUTORELEASING = YES;
				CLANG_WARN_BOOL_CONVERSION = YES;
				CLANG_WARN_COMMA = YES;
				CLANG_WARN_CONSTANT_CONVERSION = YES;
				CLANG_WARN_DEPRECATED_OBJC_IMPLEMENTATIONS = YES;
				CLANG_WARN_DIRECT_OBJC_ISA_USAGE = YES_ERROR;
				CLANG_WARN_DOCUMENTATION_COMMENTS = YES;
				CLANG_WARN_EMPTY_BODY = YES;
				CLANG_WARN_ENUM_CONVERSION = YES;
				CLANG_WARN_INFINITE_RECURSION = YES;
				CLANG_WARN_INT_CONVERSION = YES;
				CLANG_WARN_NON_LITERAL_NULL_CONVERSION = YES;
				CLANG_WARN_OBJC_IMPLICIT_RETAIN_SELF = YES;
				CLANG_WARN_OBJC_LITERAL_CONVERSION = YES;
				CLANG_WARN_OBJC_ROOT_CLASS = YES_ERROR;
				CLANG_WARN_QUOTED_INCLUDE_IN_FRAMEWORK_HEADER = YES;
				CLANG_WARN_RANGE_LOOP_ANALYSIS = YES;
				CLANG_WARN_STRICT_PROTOTYPES = YES;
				CLANG_WARN_SUSPICIOUS_MOVE = YES;
				CLANG_WARN_UNGUARDED_AVAILABILITY = YES_AGGRESSIVE;
				CLANG_WARN_UNREACHABLE_CODE = YES;
				CLANG_WARN__DUPLICATE_METHOD_MATCH = YES;
				COPY_PHASE_STRIP = NO;
				DEBUG_INFORMATION_FORMAT = "dwarf-with-dsym";
				ENABLE_NS_ASSERTIONS = NO;
				ENABLE_STRICT_OBJC_MSGSEND = YES;
				GCC_C_LANGUAGE_STANDARD = gnu11;
				GCC_NO_COMMON_BLOCKS = YES;
				GCC_WARN_64_TO_32_BIT_CONVERSION = YES;
				GCC_WARN_ABOUT_RETURN_TYPE = YES_ERROR;
				GCC_WARN_UNDECLARED_SELECTOR = YES;
				GCC_WARN_UNINITIALIZED_AUTOS = YES_AGGRESSIVE;
				GCC_WARN_UNUSED_FUNCTION = YES;
				GCC_WARN_UNUSED_VARIABLE = YES;
				IPHONEOS_DEPLOYMENT_TARGET = 16.2;
				MTL_ENABLE_DEBUG_INFO = NO;
				MTL_FAST_MATH = YES;
				SDKROOT = iphoneos;
				SWIFT_COMPILATION_MODE = wholemodule;
				SWIFT_OPTIMIZATION_LEVEL = "-O";
				VALIDATE_PRODUCT = YES;
			};
			name = Release;
		};
		9293BB4F2B199A5900A85E86 /* Debug */ = {
			isa = XCBuildConfiguration;
			buildSettings = {
				ASSETCATALOG_COMPILER_APPICON_NAME = AppIcon;
				ASSETCATALOG_COMPILER_GLOBAL_ACCENT_COLOR_NAME = AccentColor;
				CODE_SIGN_STYLE = Automatic;
				CURRENT_PROJECT_VERSION = 1;
				DEVELOPMENT_TEAM = JDQM4MDQ97;
				GENERATE_INFOPLIST_FILE = YES;
				INFOPLIST_FILE = "MuVi Design app/Info.plist";
				INFOPLIST_KEY_UIApplicationSupportsIndirectInputEvents = YES;
				INFOPLIST_KEY_UILaunchStoryboardName = LaunchScreen;
				INFOPLIST_KEY_UISupportedInterfaceOrientations_iPad = "UIInterfaceOrientationPortrait UIInterfaceOrientationPortraitUpsideDown UIInterfaceOrientationLandscapeLeft UIInterfaceOrientationLandscapeRight";
				INFOPLIST_KEY_UISupportedInterfaceOrientations_iPhone = "UIInterfaceOrientationPortrait UIInterfaceOrientationLandscapeLeft UIInterfaceOrientationLandscapeRight";
				LD_RUNPATH_SEARCH_PATHS = (
					"$(inherited)",
					"@executable_path/Frameworks",
				);
				MARKETING_VERSION = 1.0;
				PRODUCT_BUNDLE_IDENTIFIER = "Chintan.MuVi-Design-app";
				PRODUCT_NAME = "$(TARGET_NAME)";
				SWIFT_EMIT_LOC_STRINGS = YES;
				SWIFT_VERSION = 5.0;
				TARGETED_DEVICE_FAMILY = "1,2";
			};
			name = Debug;
		};
		9293BB502B199A5900A85E86 /* Release */ = {
			isa = XCBuildConfiguration;
			buildSettings = {
				ASSETCATALOG_COMPILER_APPICON_NAME = AppIcon;
				ASSETCATALOG_COMPILER_GLOBAL_ACCENT_COLOR_NAME = AccentColor;
				CODE_SIGN_STYLE = Automatic;
				CURRENT_PROJECT_VERSION = 1;
				DEVELOPMENT_TEAM = JDQM4MDQ97;
				GENERATE_INFOPLIST_FILE = YES;
				INFOPLIST_FILE = "MuVi Design app/Info.plist";
				INFOPLIST_KEY_UIApplicationSupportsIndirectInputEvents = YES;
				INFOPLIST_KEY_UILaunchStoryboardName = LaunchScreen;
				INFOPLIST_KEY_UISupportedInterfaceOrientations_iPad = "UIInterfaceOrientationPortrait UIInterfaceOrientationPortraitUpsideDown UIInterfaceOrientationLandscapeLeft UIInterfaceOrientationLandscapeRight";
				INFOPLIST_KEY_UISupportedInterfaceOrientations_iPhone = "UIInterfaceOrientationPortrait UIInterfaceOrientationLandscapeLeft UIInterfaceOrientationLandscapeRight";
				LD_RUNPATH_SEARCH_PATHS = (
					"$(inherited)",
					"@executable_path/Frameworks",
				);
				MARKETING_VERSION = 1.0;
				PRODUCT_BUNDLE_IDENTIFIER = "Chintan.MuVi-Design-app";
				PRODUCT_NAME = "$(TARGET_NAME)";
				SWIFT_EMIT_LOC_STRINGS = YES;
				SWIFT_VERSION = 5.0;
				TARGETED_DEVICE_FAMILY = "1,2";
			};
			name = Release;
		};
/* End XCBuildConfiguration section */

/* Begin XCConfigurationList section */
		9293BB352B199A5500A85E86 /* Build configuration list for PBXProject "MuVi Design app" */ = {
			isa = XCConfigurationList;
			buildConfigurations = (
				9293BB4C2B199A5900A85E86 /* Debug */,
				9293BB4D2B199A5900A85E86 /* Release */,
			);
			defaultConfigurationIsVisible = 0;
			defaultConfigurationName = Release;
		};
		9293BB4E2B199A5900A85E86 /* Build configuration list for PBXNativeTarget "MuVi Design app" */ = {
			isa = XCConfigurationList;
			buildConfigurations = (
				9293BB4F2B199A5900A85E86 /* Debug */,
				9293BB502B199A5900A85E86 /* Release */,
			);
			defaultConfigurationIsVisible = 0;
			defaultConfigurationName = Release;
		};
/* End XCConfigurationList section */
	};
	rootObject = 9293BB322B199A5500A85E86 /* Project object */;
}
